// !$*UTF8*$!
{
	archiveVersion = 1;
	classes = {
	};
	objectVersion = 46;
	objects = {

/* Begin PBXBuildFile section */
		1D3623260D0F684500981E51 /* GuessThatFriendAppDelegate.m in Sources */ = {isa = PBXBuildFile; fileRef = 1D3623250D0F684500981E51 /* GuessThatFriendAppDelegate.m */; };
		1D60589F0D05DD5A006BFB54 /* Foundation.framework in Frameworks */ = {isa = PBXBuildFile; fileRef = 1D30AB110D05D00D00671497 /* Foundation.framework */; };
		1DF5F4E00D08C38300B7A737 /* UIKit.framework in Frameworks */ = {isa = PBXBuildFile; fileRef = 1DF5F4DF0D08C38300B7A737 /* UIKit.framework */; };
		288765A50DF7441C002DB57D /* CoreGraphics.framework in Frameworks */ = {isa = PBXBuildFile; fileRef = 288765A40DF7441C002DB57D /* CoreGraphics.framework */; };
		4D8D79BA14EB992300CAA606 /* FBFriendCustomCell.m in Sources */ = {isa = PBXBuildFile; fileRef = 4D8D79B914EB992300CAA606 /* FBFriendCustomCell.m */; };
		4D8D79D614EBA10A00CAA606 /* MultipleChoiceQuizViewController.m in Sources */ = {isa = PBXBuildFile; fileRef = 4D8D79D514EBA10A00CAA606 /* MultipleChoiceQuizViewController.m */; };
		4D8D79E514EBA35300CAA606 /* FillInBlankQuizViewController.m in Sources */ = {isa = PBXBuildFile; fileRef = 4D8D79E414EBA35300CAA606 /* FillInBlankQuizViewController.m */; };
		4D8D79ED14EBA47C00CAA606 /* QuizBaseViewController.m in Sources */ = {isa = PBXBuildFile; fileRef = 4D8D79EC14EBA47C00CAA606 /* QuizBaseViewController.m */; };
		4D8D7A6114EBB8BC00CAA606 /* Option.m in Sources */ = {isa = PBXBuildFile; fileRef = 4D8D7A6014EBB8BC00CAA606 /* Option.m */; };
		4D8D7AAD14EC5C9300CAA606 /* MCQuestion.m in Sources */ = {isa = PBXBuildFile; fileRef = 4D8D7AAC14EC5C9300CAA606 /* MCQuestion.m */; };
		4D8D7AB214EC5CF400CAA606 /* QuizManager.m in Sources */ = {isa = PBXBuildFile; fileRef = 4D8D7AB114EC5CF400CAA606 /* QuizManager.m */; };
		4D8D7ABE14EC606A00CAA606 /* QuizSettings.m in Sources */ = {isa = PBXBuildFile; fileRef = 4D8D7ABD14EC606A00CAA606 /* QuizSettings.m */; };
		4D922B57154EF24E0092B5F4 /* StatsCategoryCustomCell.m in Sources */ = {isa = PBXBuildFile; fileRef = 4D922B56154EF24E0092B5F4 /* StatsCategoryCustomCell.m */; };
		4D922B5A154EF25E0092B5F4 /* StatsHistoryCustomCell.m in Sources */ = {isa = PBXBuildFile; fileRef = 4D922B59154EF25E0092B5F4 /* StatsHistoryCustomCell.m */; };
		4DF27806154E775E00603D4A /* StatsCategoriesViewController.m in Sources */ = {isa = PBXBuildFile; fileRef = 4DF27805154E775D00603D4A /* StatsCategoriesViewController.m */; };
		4DF27809154E776D00603D4A /* StatsHistoryViewController.m in Sources */ = {isa = PBXBuildFile; fileRef = 4DF27808154E776D00603D4A /* StatsHistoryViewController.m */; };
		4DF2780C154E7AFF00603D4A /* CategoryStatsObject.m in Sources */ = {isa = PBXBuildFile; fileRef = 4DF2780B154E7AFF00603D4A /* CategoryStatsObject.m */; };
		4DF2780F154E7B1100603D4A /* HistoryStatsObject.m in Sources */ = {isa = PBXBuildFile; fileRef = 4DF2780E154E7B1100603D4A /* HistoryStatsObject.m */; };
		4DFC3A9215400CE200648D9A /* StatsBaseViewController.m in Sources */ = {isa = PBXBuildFile; fileRef = 4DFC3A9115400CE200648D9A /* StatsBaseViewController.m */; };
		4DFD9A9A15352ECD00BB8F92 /* FriendStatsObject.m in Sources */ = {isa = PBXBuildFile; fileRef = 4DFD9A9915352ECD00BB8F92 /* FriendStatsObject.m */; };
		9322D7C215A2936300A9C142 /* 33-cabinet@2x.png in Resources */ = {isa = PBXBuildFile; fileRef = 9322D7C015A2936300A9C142 /* 33-cabinet@2x.png */; };
		9322D7C315A2936300A9C142 /* 112-group@2x.png in Resources */ = {isa = PBXBuildFile; fileRef = 9322D7C115A2936300A9C142 /* 112-group@2x.png */; };
		9322D7C715A293E800A9C142 /* 33-cabinet.png in Resources */ = {isa = PBXBuildFile; fileRef = 9322D7C515A293E800A9C142 /* 33-cabinet.png */; };
		9322D7C815A293E800A9C142 /* 112-group.png in Resources */ = {isa = PBXBuildFile; fileRef = 9322D7C615A293E800A9C142 /* 112-group.png */; };
		933185ED159B985D00DF926D /* JSONKit.m in Sources */ = {isa = PBXBuildFile; fileRef = 933185EC159B985D00DF926D /* JSONKit.m */; settings = {COMPILER_FLAGS = "-fno-objc-arc"; }; };
		933185FB159B987700DF926D /* Facebook.m in Sources */ = {isa = PBXBuildFile; fileRef = 933185EF159B987700DF926D /* Facebook.m */; settings = {COMPILER_FLAGS = "-fno-objc-arc"; }; };
		933185FC159B987700DF926D /* FBDialog.bundle in Resources */ = {isa = PBXBuildFile; fileRef = 933185F1159B987700DF926D /* FBDialog.bundle */; };
		933185FD159B987700DF926D /* FBDialog.m in Sources */ = {isa = PBXBuildFile; fileRef = 933185F3159B987700DF926D /* FBDialog.m */; settings = {COMPILER_FLAGS = "-fno-objc-arc"; }; };
		933185FE159B987700DF926D /* FBFrictionlessRequestSettings.m in Sources */ = {isa = PBXBuildFile; fileRef = 933185F5159B987700DF926D /* FBFrictionlessRequestSettings.m */; settings = {COMPILER_FLAGS = "-fno-objc-arc"; }; };
		933185FF159B987700DF926D /* FBLoginDialog.m in Sources */ = {isa = PBXBuildFile; fileRef = 933185F7159B987700DF926D /* FBLoginDialog.m */; settings = {COMPILER_FLAGS = "-fno-objc-arc"; }; };
		93318600159B987700DF926D /* FBRequest.m in Sources */ = {isa = PBXBuildFile; fileRef = 933185F9159B987700DF926D /* FBRequest.m */; settings = {COMPILER_FLAGS = "-fno-objc-arc"; }; };
		93318610159B98F700DF926D /* NSObject+SBJSON.m in Sources */ = {isa = PBXBuildFile; fileRef = 93318605159B98F700DF926D /* NSObject+SBJSON.m */; settings = {COMPILER_FLAGS = "-fno-objc-arc"; }; };
		93318611159B98F700DF926D /* NSString+SBJSON.m in Sources */ = {isa = PBXBuildFile; fileRef = 93318607159B98F700DF926D /* NSString+SBJSON.m */; settings = {COMPILER_FLAGS = "-fno-objc-arc"; }; };
		93318612159B98F700DF926D /* SBJSON.m in Sources */ = {isa = PBXBuildFile; fileRef = 93318609159B98F700DF926D /* SBJSON.m */; settings = {COMPILER_FLAGS = "-fno-objc-arc"; }; };
		93318613159B98F700DF926D /* SBJsonBase.m in Sources */ = {isa = PBXBuildFile; fileRef = 9331860B159B98F700DF926D /* SBJsonBase.m */; settings = {COMPILER_FLAGS = "-fno-objc-arc"; }; };
		93318614159B98F700DF926D /* SBJsonParser.m in Sources */ = {isa = PBXBuildFile; fileRef = 9331860D159B98F700DF926D /* SBJsonParser.m */; settings = {COMPILER_FLAGS = "-fno-objc-arc"; }; };
		93318615159B98F700DF926D /* SBJsonWriter.m in Sources */ = {isa = PBXBuildFile; fileRef = 9331860F159B98F700DF926D /* SBJsonWriter.m */; settings = {COMPILER_FLAGS = "-fno-objc-arc"; }; };
		9346111415A2710300411831 /* SystemConfiguration.framework in Frameworks */ = {isa = PBXBuildFile; fileRef = 9346111315A2710300411831 /* SystemConfiguration.framework */; };
		9385D006159BAD3C00A73FA5 /* MainWindow.xib in Resources */ = {isa = PBXBuildFile; fileRef = 9385D000159BAD3C00A73FA5 /* MainWindow.xib */; };
		9385D007159BAD3C00A73FA5 /* StatsCategoryCustomCell.xib in Resources */ = {isa = PBXBuildFile; fileRef = 9385D001159BAD3C00A73FA5 /* StatsCategoryCustomCell.xib */; };
		9385D008159BAD3C00A73FA5 /* StatsCategoryViewController.xib in Resources */ = {isa = PBXBuildFile; fileRef = 9385D002159BAD3C00A73FA5 /* StatsCategoryViewController.xib */; };
		9385D009159BAD3C00A73FA5 /* StatsFriendCustomCell.xib in Resources */ = {isa = PBXBuildFile; fileRef = 9385D003159BAD3C00A73FA5 /* StatsFriendCustomCell.xib */; };
		9385D00A159BAD3C00A73FA5 /* StatsHistoryCustomCell.xib in Resources */ = {isa = PBXBuildFile; fileRef = 9385D004159BAD3C00A73FA5 /* StatsHistoryCustomCell.xib */; };
		9385D00B159BAD3C00A73FA5 /* StatsHistoryViewController.xib in Resources */ = {isa = PBXBuildFile; fileRef = 9385D005159BAD3C00A73FA5 /* StatsHistoryViewController.xib */; };
		9385D00F159BAD5300A73FA5 /* FBFriendCustomCell.xib in Resources */ = {isa = PBXBuildFile; fileRef = 9385D00C159BAD5300A73FA5 /* FBFriendCustomCell.xib */; };
		9385D010159BAD5300A73FA5 /* FillInBlankQuizViewController.xib in Resources */ = {isa = PBXBuildFile; fileRef = 9385D00D159BAD5300A73FA5 /* FillInBlankQuizViewController.xib */; };
		9385D011159BAD5300A73FA5 /* MultipleChoiceQuizViewController.xib in Resources */ = {isa = PBXBuildFile; fileRef = 9385D00E159BAD5300A73FA5 /* MultipleChoiceQuizViewController.xib */; };
		9385D01A159BAD8500A73FA5 /* main.m in Sources */ = {isa = PBXBuildFile; fileRef = 9385D019159BAD8500A73FA5 /* main.m */; };
		938CE1B314F9C03700BE5698 /* FillBlankQuestion.m in Sources */ = {isa = PBXBuildFile; fileRef = 938CE1B214F9C03700BE5698 /* FillBlankQuestion.m */; };
		93BA120914F9B10100248763 /* Category.m in Sources */ = {isa = PBXBuildFile; fileRef = 93BA120814F9B10100248763 /* Category.m */; };
		93BA120C14F9BAF000248763 /* Subject.m in Sources */ = {isa = PBXBuildFile; fileRef = 93BA120B14F9BAF000248763 /* Subject.m */; };
		93CB739C15A36B8C001A5401 /* appstore.png in Resources */ = {isa = PBXBuildFile; fileRef = 93CB738F15A36B8C001A5401 /* appstore.png */; };
		93CB739D15A36B8C001A5401 /* appstore@2x.png in Resources */ = {isa = PBXBuildFile; fileRef = 93CB739015A36B8C001A5401 /* appstore@2x.png */; };
		93CB739E15A36B8C001A5401 /* background.png in Resources */ = {isa = PBXBuildFile; fileRef = 93CB739215A36B8C001A5401 /* background.png */; };
		93CB739F15A36B8C001A5401 /* background@2x.png in Resources */ = {isa = PBXBuildFile; fileRef = 93CB739315A36B8C001A5401 /* background@2x.png */; };
		93CB73A015A36B8C001A5401 /* navbar.png in Resources */ = {isa = PBXBuildFile; fileRef = 93CB739515A36B8C001A5401 /* navbar.png */; };
		93CB73A115A36B8C001A5401 /* navbar@2x.png in Resources */ = {isa = PBXBuildFile; fileRef = 93CB739615A36B8C001A5401 /* navbar@2x.png */; };
		93CB73A215A36B8C001A5401 /* Button_Next.png in Resources */ = {isa = PBXBuildFile; fileRef = 93CB739815A36B8C001A5401 /* Button_Next.png */; };
		93CB73A315A36B8C001A5401 /* Button_Next@2x.png in Resources */ = {isa = PBXBuildFile; fileRef = 93CB739915A36B8C001A5401 /* Button_Next@2x.png */; };
		93CB73A415A36B8C001A5401 /* Button_NextPressed.png in Resources */ = {isa = PBXBuildFile; fileRef = 93CB739A15A36B8C001A5401 /* Button_NextPressed.png */; };
		93CB73A515A36B8C001A5401 /* Button_NextPressed@2x.png in Resources */ = {isa = PBXBuildFile; fileRef = 93CB739B15A36B8C001A5401 /* Button_NextPressed@2x.png */; };
		93CB73A715A36BBA001A5401 /* GTF_Icon.png in Resources */ = {isa = PBXBuildFile; fileRef = 93CB73A615A36BBA001A5401 /* GTF_Icon.png */; };
		93CB73A915A36BC3001A5401 /* GTF_Icon@2x.png in Resources */ = {isa = PBXBuildFile; fileRef = 93CB73A815A36BC3001A5401 /* GTF_Icon@2x.png */; };
		93CB73AB15A36BCB001A5401 /* Default.png in Resources */ = {isa = PBXBuildFile; fileRef = 93CB73AA15A36BCA001A5401 /* Default.png */; };
		93CB73AD15A36BCE001A5401 /* Default@2x.png in Resources */ = {isa = PBXBuildFile; fileRef = 93CB73AC15A36BCE001A5401 /* Default@2x.png */; };
		93D85F5F159C1C7500B21301 /* HJCircularBuffer.m in Sources */ = {isa = PBXBuildFile; fileRef = 93D85F56159C1C7500B21301 /* HJCircularBuffer.m */; settings = {COMPILER_FLAGS = "-fno-objc-arc"; }; };
		93D85F60159C1C7500B21301 /* HJManagedImageV.m in Sources */ = {isa = PBXBuildFile; fileRef = 93D85F57159C1C7500B21301 /* HJManagedImageV.m */; settings = {COMPILER_FLAGS = "-fno-objc-arc"; }; };
		93D85F61159C1C7500B21301 /* HJMOBigFileCache.m in Sources */ = {isa = PBXBuildFile; fileRef = 93D85F58159C1C7500B21301 /* HJMOBigFileCache.m */; settings = {COMPILER_FLAGS = "-fno-objc-arc"; }; };
		93D85F62159C1C7500B21301 /* HJMOFileCache.m in Sources */ = {isa = PBXBuildFile; fileRef = 93D85F59159C1C7500B21301 /* HJMOFileCache.m */; settings = {COMPILER_FLAGS = "-fno-objc-arc"; }; };
		93D85F63159C1C7500B21301 /* HJMOHandler.m in Sources */ = {isa = PBXBuildFile; fileRef = 93D85F5A159C1C7500B21301 /* HJMOHandler.m */; settings = {COMPILER_FLAGS = "-fno-objc-arc"; }; };
		93D85F64159C1C7500B21301 /* HJMOPolicy.m in Sources */ = {isa = PBXBuildFile; fileRef = 93D85F5B159C1C7500B21301 /* HJMOPolicy.m */; settings = {COMPILER_FLAGS = "-fno-objc-arc"; }; };
		93D85F65159C1C7500B21301 /* HJMOUserBase.m in Sources */ = {isa = PBXBuildFile; fileRef = 93D85F5C159C1C7500B21301 /* HJMOUserBase.m */; settings = {COMPILER_FLAGS = "-fno-objc-arc"; }; };
		93D85F66159C1C7500B21301 /* HJObjManager.m in Sources */ = {isa = PBXBuildFile; fileRef = 93D85F5D159C1C7500B21301 /* HJObjManager.m */; settings = {COMPILER_FLAGS = "-fno-objc-arc"; }; };
		93D85F67159C1C7500B21301 /* HJWeakMutableArray.m in Sources */ = {isa = PBXBuildFile; fileRef = 93D85F5E159C1C7500B21301 /* HJWeakMutableArray.m */; settings = {COMPILER_FLAGS = "-fno-objc-arc"; }; };
		93DED2C415A26D2C0081B359 /* Reachability.m in Sources */ = {isa = PBXBuildFile; fileRef = 93DED2C315A26D2C0081B359 /* Reachability.m */; settings = {COMPILER_FLAGS = "-fno-objc-arc"; }; };
		93E21BFE150DBDD000A475DC /* SenTestingKit.framework in Frameworks */ = {isa = PBXBuildFile; fileRef = 93E21BFD150DBDD000A475DC /* SenTestingKit.framework */; };
		93E21BFF150DBDD000A475DC /* UIKit.framework in Frameworks */ = {isa = PBXBuildFile; fileRef = 1DF5F4DF0D08C38300B7A737 /* UIKit.framework */; };
		93E21C00150DBDD000A475DC /* Foundation.framework in Frameworks */ = {isa = PBXBuildFile; fileRef = 1D30AB110D05D00D00671497 /* Foundation.framework */; };
		93E21C06150DBDD000A475DC /* InfoPlist.strings in Resources */ = {isa = PBXBuildFile; fileRef = 93E21C04150DBDD000A475DC /* InfoPlist.strings */; };
		93E21C09150DBDD000A475DC /* UnitTesting.m in Sources */ = {isa = PBXBuildFile; fileRef = 93E21C08150DBDD000A475DC /* UnitTesting.m */; };
		93FC73C614F9AE15002EB781 /* Question.m in Sources */ = {isa = PBXBuildFile; fileRef = 93FC73C514F9AE15002EB781 /* Question.m */; };
		BA6F95961533DE3600C875F1 /* StatsFriendsViewController.m in Sources */ = {isa = PBXBuildFile; fileRef = BA6F95941533DE3600C875F1 /* StatsFriendsViewController.m */; };
		BA6F95971533DE3600C875F1 /* StatsFriendViewController.xib in Resources */ = {isa = PBXBuildFile; fileRef = BA6F95951533DE3600C875F1 /* StatsFriendViewController.xib */; };
		BA8F71A71535063F000C7458 /* StatsFriendCustomCell.m in Sources */ = {isa = PBXBuildFile; fileRef = BA8F71A61535063F000C7458 /* StatsFriendCustomCell.m */; };
		BA983F761548C2EC001D59B0 /* imageCachePlist.plist in Resources */ = {isa = PBXBuildFile; fileRef = BA983F751548C2EC001D59B0 /* imageCachePlist.plist */; };
/* End PBXBuildFile section */

/* Begin PBXContainerItemProxy section */
		93E21C0F150DCBDC00A475DC /* PBXContainerItemProxy */ = {
			isa = PBXContainerItemProxy;
			containerPortal = 29B97313FDCFA39411CA2CEA /* Project object */;
			proxyType = 1;
			remoteGlobalIDString = 1D6058900D05DD3D006BFB54;
			remoteInfo = GuessThatFriend;
		};
/* End PBXContainerItemProxy section */

/* Begin PBXFileReference section */
		1D30AB110D05D00D00671497 /* Foundation.framework */ = {isa = PBXFileReference; lastKnownFileType = wrapper.framework; name = Foundation.framework; path = System/Library/Frameworks/Foundation.framework; sourceTree = SDKROOT; };
		1D3623240D0F684500981E51 /* GuessThatFriendAppDelegate.h */ = {isa = PBXFileReference; fileEncoding = 4; lastKnownFileType = sourcecode.c.h; name = GuessThatFriendAppDelegate.h; path = Classes/GuessThatFriendAppDelegate.h; sourceTree = "<group>"; };
		1D3623250D0F684500981E51 /* GuessThatFriendAppDelegate.m */ = {isa = PBXFileReference; fileEncoding = 4; lastKnownFileType = sourcecode.c.objc; name = GuessThatFriendAppDelegate.m; path = Classes/GuessThatFriendAppDelegate.m; sourceTree = "<group>"; };
		1D6058910D05DD3D006BFB54 /* GuessThatFriend.app */ = {isa = PBXFileReference; explicitFileType = wrapper.application; includeInIndex = 0; path = GuessThatFriend.app; sourceTree = BUILT_PRODUCTS_DIR; };
		1DF5F4DF0D08C38300B7A737 /* UIKit.framework */ = {isa = PBXFileReference; lastKnownFileType = wrapper.framework; name = UIKit.framework; path = System/Library/Frameworks/UIKit.framework; sourceTree = SDKROOT; };
		288765A40DF7441C002DB57D /* CoreGraphics.framework */ = {isa = PBXFileReference; lastKnownFileType = wrapper.framework; name = CoreGraphics.framework; path = System/Library/Frameworks/CoreGraphics.framework; sourceTree = SDKROOT; };
		4D8D79B814EB992300CAA606 /* FBFriendCustomCell.h */ = {isa = PBXFileReference; fileEncoding = 4; lastKnownFileType = sourcecode.c.h; path = FBFriendCustomCell.h; sourceTree = "<group>"; };
		4D8D79B914EB992300CAA606 /* FBFriendCustomCell.m */ = {isa = PBXFileReference; fileEncoding = 4; lastKnownFileType = sourcecode.c.objc; path = FBFriendCustomCell.m; sourceTree = "<group>"; };
		4D8D79D414EBA10A00CAA606 /* MultipleChoiceQuizViewController.h */ = {isa = PBXFileReference; fileEncoding = 4; lastKnownFileType = sourcecode.c.h; path = MultipleChoiceQuizViewController.h; sourceTree = "<group>"; };
		4D8D79D514EBA10A00CAA606 /* MultipleChoiceQuizViewController.m */ = {isa = PBXFileReference; fileEncoding = 4; lastKnownFileType = sourcecode.c.objc; path = MultipleChoiceQuizViewController.m; sourceTree = "<group>"; };
		4D8D79E314EBA35300CAA606 /* FillInBlankQuizViewController.h */ = {isa = PBXFileReference; fileEncoding = 4; lastKnownFileType = sourcecode.c.h; path = FillInBlankQuizViewController.h; sourceTree = "<group>"; };
		4D8D79E414EBA35300CAA606 /* FillInBlankQuizViewController.m */ = {isa = PBXFileReference; fileEncoding = 4; lastKnownFileType = sourcecode.c.objc; path = FillInBlankQuizViewController.m; sourceTree = "<group>"; };
		4D8D79EB14EBA47C00CAA606 /* QuizBaseViewController.h */ = {isa = PBXFileReference; fileEncoding = 4; lastKnownFileType = sourcecode.c.h; path = QuizBaseViewController.h; sourceTree = "<group>"; };
		4D8D79EC14EBA47C00CAA606 /* QuizBaseViewController.m */ = {isa = PBXFileReference; fileEncoding = 4; lastKnownFileType = sourcecode.c.objc; path = QuizBaseViewController.m; sourceTree = "<group>"; };
		4D8D7A5F14EBB8BC00CAA606 /* Option.h */ = {isa = PBXFileReference; fileEncoding = 4; lastKnownFileType = sourcecode.c.h; path = Option.h; sourceTree = "<group>"; };
		4D8D7A6014EBB8BC00CAA606 /* Option.m */ = {isa = PBXFileReference; fileEncoding = 4; lastKnownFileType = sourcecode.c.objc; path = Option.m; sourceTree = "<group>"; };
		4D8D7AAB14EC5C9300CAA606 /* MCQuestion.h */ = {isa = PBXFileReference; fileEncoding = 4; lastKnownFileType = sourcecode.c.h; path = MCQuestion.h; sourceTree = "<group>"; };
		4D8D7AAC14EC5C9300CAA606 /* MCQuestion.m */ = {isa = PBXFileReference; fileEncoding = 4; lastKnownFileType = sourcecode.c.objc; path = MCQuestion.m; sourceTree = "<group>"; };
		4D8D7AB014EC5CF400CAA606 /* QuizManager.h */ = {isa = PBXFileReference; fileEncoding = 4; lastKnownFileType = sourcecode.c.h; path = QuizManager.h; sourceTree = "<group>"; };
		4D8D7AB114EC5CF400CAA606 /* QuizManager.m */ = {isa = PBXFileReference; fileEncoding = 4; lastKnownFileType = sourcecode.c.objc; path = QuizManager.m; sourceTree = "<group>"; };
		4D8D7ABC14EC606A00CAA606 /* QuizSettings.h */ = {isa = PBXFileReference; fileEncoding = 4; lastKnownFileType = sourcecode.c.h; path = QuizSettings.h; sourceTree = "<group>"; };
		4D8D7ABD14EC606A00CAA606 /* QuizSettings.m */ = {isa = PBXFileReference; fileEncoding = 4; lastKnownFileType = sourcecode.c.objc; path = QuizSettings.m; sourceTree = "<group>"; };
		4D922B55154EF24E0092B5F4 /* StatsCategoryCustomCell.h */ = {isa = PBXFileReference; fileEncoding = 4; lastKnownFileType = sourcecode.c.h; path = StatsCategoryCustomCell.h; sourceTree = "<group>"; };
		4D922B56154EF24E0092B5F4 /* StatsCategoryCustomCell.m */ = {isa = PBXFileReference; fileEncoding = 4; lastKnownFileType = sourcecode.c.objc; path = StatsCategoryCustomCell.m; sourceTree = "<group>"; };
		4D922B58154EF25E0092B5F4 /* StatsHistoryCustomCell.h */ = {isa = PBXFileReference; fileEncoding = 4; lastKnownFileType = sourcecode.c.h; path = StatsHistoryCustomCell.h; sourceTree = "<group>"; };
		4D922B59154EF25E0092B5F4 /* StatsHistoryCustomCell.m */ = {isa = PBXFileReference; fileEncoding = 4; lastKnownFileType = sourcecode.c.objc; path = StatsHistoryCustomCell.m; sourceTree = "<group>"; };
		4DF27804154E775D00603D4A /* StatsCategoriesViewController.h */ = {isa = PBXFileReference; fileEncoding = 4; lastKnownFileType = sourcecode.c.h; path = StatsCategoriesViewController.h; sourceTree = "<group>"; };
		4DF27805154E775D00603D4A /* StatsCategoriesViewController.m */ = {isa = PBXFileReference; fileEncoding = 4; lastKnownFileType = sourcecode.c.objc; path = StatsCategoriesViewController.m; sourceTree = "<group>"; };
		4DF27807154E776D00603D4A /* StatsHistoryViewController.h */ = {isa = PBXFileReference; fileEncoding = 4; lastKnownFileType = sourcecode.c.h; path = StatsHistoryViewController.h; sourceTree = "<group>"; };
		4DF27808154E776D00603D4A /* StatsHistoryViewController.m */ = {isa = PBXFileReference; fileEncoding = 4; lastKnownFileType = sourcecode.c.objc; path = StatsHistoryViewController.m; sourceTree = "<group>"; };
		4DF2780A154E7AFF00603D4A /* CategoryStatsObject.h */ = {isa = PBXFileReference; fileEncoding = 4; lastKnownFileType = sourcecode.c.h; path = CategoryStatsObject.h; sourceTree = "<group>"; };
		4DF2780B154E7AFF00603D4A /* CategoryStatsObject.m */ = {isa = PBXFileReference; fileEncoding = 4; lastKnownFileType = sourcecode.c.objc; path = CategoryStatsObject.m; sourceTree = "<group>"; };
		4DF2780D154E7B1100603D4A /* HistoryStatsObject.h */ = {isa = PBXFileReference; fileEncoding = 4; lastKnownFileType = sourcecode.c.h; path = HistoryStatsObject.h; sourceTree = "<group>"; };
		4DF2780E154E7B1100603D4A /* HistoryStatsObject.m */ = {isa = PBXFileReference; fileEncoding = 4; lastKnownFileType = sourcecode.c.objc; path = HistoryStatsObject.m; sourceTree = "<group>"; };
		4DFC3A9015400CE200648D9A /* StatsBaseViewController.h */ = {isa = PBXFileReference; fileEncoding = 4; lastKnownFileType = sourcecode.c.h; path = StatsBaseViewController.h; sourceTree = "<group>"; };
		4DFC3A9115400CE200648D9A /* StatsBaseViewController.m */ = {isa = PBXFileReference; fileEncoding = 4; lastKnownFileType = sourcecode.c.objc; path = StatsBaseViewController.m; sourceTree = "<group>"; };
		4DFD9A9815352ECD00BB8F92 /* FriendStatsObject.h */ = {isa = PBXFileReference; fileEncoding = 4; lastKnownFileType = sourcecode.c.h; path = FriendStatsObject.h; sourceTree = "<group>"; };
		4DFD9A9915352ECD00BB8F92 /* FriendStatsObject.m */ = {isa = PBXFileReference; fileEncoding = 4; lastKnownFileType = sourcecode.c.objc; path = FriendStatsObject.m; sourceTree = "<group>"; };
		8D1107310486CEB800E47090 /* GuessThatFriend-Info.plist */ = {isa = PBXFileReference; fileEncoding = 4; lastKnownFileType = text.plist.xml; path = "GuessThatFriend-Info.plist"; plistStructureDefinitionIdentifier = "com.apple.xcode.plist.structure-definition.iphone.info-plist"; sourceTree = "<group>"; };
		9322D7C015A2936300A9C142 /* 33-cabinet@2x.png */ = {isa = PBXFileReference; lastKnownFileType = image.png; name = "33-cabinet@2x.png"; path = "images/glyphish/33-cabinet@2x.png"; sourceTree = "<group>"; };
		9322D7C115A2936300A9C142 /* 112-group@2x.png */ = {isa = PBXFileReference; lastKnownFileType = image.png; name = "112-group@2x.png"; path = "images/glyphish/112-group@2x.png"; sourceTree = "<group>"; };
		9322D7C515A293E800A9C142 /* 33-cabinet.png */ = {isa = PBXFileReference; lastKnownFileType = image.png; name = "33-cabinet.png"; path = "images/glyphish/33-cabinet.png"; sourceTree = "<group>"; };
		9322D7C615A293E800A9C142 /* 112-group.png */ = {isa = PBXFileReference; lastKnownFileType = image.png; name = "112-group.png"; path = "images/glyphish/112-group.png"; sourceTree = "<group>"; };
		933185EB159B985D00DF926D /* JSONKit.h */ = {isa = PBXFileReference; fileEncoding = 4; lastKnownFileType = sourcecode.c.h; name = JSONKit.h; path = libraries/JSONKit/JSONKit.h; sourceTree = "<group>"; };
		933185EC159B985D00DF926D /* JSONKit.m */ = {isa = PBXFileReference; fileEncoding = 4; lastKnownFileType = sourcecode.c.objc; name = JSONKit.m; path = libraries/JSONKit/JSONKit.m; sourceTree = "<group>"; };
		933185EE159B987700DF926D /* Facebook.h */ = {isa = PBXFileReference; fileEncoding = 4; lastKnownFileType = sourcecode.c.h; name = Facebook.h; path = "libraries/facebook-ios-sdk/src/Facebook.h"; sourceTree = "<group>"; };
		933185EF159B987700DF926D /* Facebook.m */ = {isa = PBXFileReference; fileEncoding = 4; lastKnownFileType = sourcecode.c.objc; name = Facebook.m; path = "libraries/facebook-ios-sdk/src/Facebook.m"; sourceTree = "<group>"; };
		933185F0159B987700DF926D /* FBConnect.h */ = {isa = PBXFileReference; fileEncoding = 4; lastKnownFileType = sourcecode.c.h; name = FBConnect.h; path = "libraries/facebook-ios-sdk/src/FBConnect.h"; sourceTree = "<group>"; };
		933185F1159B987700DF926D /* FBDialog.bundle */ = {isa = PBXFileReference; lastKnownFileType = "wrapper.plug-in"; name = FBDialog.bundle; path = "libraries/facebook-ios-sdk/src/FBDialog.bundle"; sourceTree = "<group>"; };
		933185F2159B987700DF926D /* FBDialog.h */ = {isa = PBXFileReference; fileEncoding = 4; lastKnownFileType = sourcecode.c.h; name = FBDialog.h; path = "libraries/facebook-ios-sdk/src/FBDialog.h"; sourceTree = "<group>"; };
		933185F3159B987700DF926D /* FBDialog.m */ = {isa = PBXFileReference; fileEncoding = 4; lastKnownFileType = sourcecode.c.objc; name = FBDialog.m; path = "libraries/facebook-ios-sdk/src/FBDialog.m"; sourceTree = "<group>"; };
		933185F4159B987700DF926D /* FBFrictionlessRequestSettings.h */ = {isa = PBXFileReference; fileEncoding = 4; lastKnownFileType = sourcecode.c.h; name = FBFrictionlessRequestSettings.h; path = "libraries/facebook-ios-sdk/src/FBFrictionlessRequestSettings.h"; sourceTree = "<group>"; };
		933185F5159B987700DF926D /* FBFrictionlessRequestSettings.m */ = {isa = PBXFileReference; fileEncoding = 4; lastKnownFileType = sourcecode.c.objc; name = FBFrictionlessRequestSettings.m; path = "libraries/facebook-ios-sdk/src/FBFrictionlessRequestSettings.m"; sourceTree = "<group>"; };
		933185F6159B987700DF926D /* FBLoginDialog.h */ = {isa = PBXFileReference; fileEncoding = 4; lastKnownFileType = sourcecode.c.h; name = FBLoginDialog.h; path = "libraries/facebook-ios-sdk/src/FBLoginDialog.h"; sourceTree = "<group>"; };
		933185F7159B987700DF926D /* FBLoginDialog.m */ = {isa = PBXFileReference; fileEncoding = 4; lastKnownFileType = sourcecode.c.objc; name = FBLoginDialog.m; path = "libraries/facebook-ios-sdk/src/FBLoginDialog.m"; sourceTree = "<group>"; };
		933185F8159B987700DF926D /* FBRequest.h */ = {isa = PBXFileReference; fileEncoding = 4; lastKnownFileType = sourcecode.c.h; name = FBRequest.h; path = "libraries/facebook-ios-sdk/src/FBRequest.h"; sourceTree = "<group>"; };
		933185F9159B987700DF926D /* FBRequest.m */ = {isa = PBXFileReference; fileEncoding = 4; lastKnownFileType = sourcecode.c.objc; name = FBRequest.m; path = "libraries/facebook-ios-sdk/src/FBRequest.m"; sourceTree = "<group>"; };
		93318603159B98F700DF926D /* JSON.h */ = {isa = PBXFileReference; fileEncoding = 4; lastKnownFileType = sourcecode.c.h; name = JSON.h; path = "libraries/facebook-ios-sdk/src/JSON/JSON.h"; sourceTree = "<group>"; };
		93318604159B98F700DF926D /* NSObject+SBJSON.h */ = {isa = PBXFileReference; fileEncoding = 4; lastKnownFileType = sourcecode.c.h; name = "NSObject+SBJSON.h"; path = "libraries/facebook-ios-sdk/src/JSON/NSObject+SBJSON.h"; sourceTree = "<group>"; };
		93318605159B98F700DF926D /* NSObject+SBJSON.m */ = {isa = PBXFileReference; fileEncoding = 4; lastKnownFileType = sourcecode.c.objc; name = "NSObject+SBJSON.m"; path = "libraries/facebook-ios-sdk/src/JSON/NSObject+SBJSON.m"; sourceTree = "<group>"; };
		93318606159B98F700DF926D /* NSString+SBJSON.h */ = {isa = PBXFileReference; fileEncoding = 4; lastKnownFileType = sourcecode.c.h; name = "NSString+SBJSON.h"; path = "libraries/facebook-ios-sdk/src/JSON/NSString+SBJSON.h"; sourceTree = "<group>"; };
		93318607159B98F700DF926D /* NSString+SBJSON.m */ = {isa = PBXFileReference; fileEncoding = 4; lastKnownFileType = sourcecode.c.objc; name = "NSString+SBJSON.m"; path = "libraries/facebook-ios-sdk/src/JSON/NSString+SBJSON.m"; sourceTree = "<group>"; };
		93318608159B98F700DF926D /* SBJSON.h */ = {isa = PBXFileReference; fileEncoding = 4; lastKnownFileType = sourcecode.c.h; name = SBJSON.h; path = "libraries/facebook-ios-sdk/src/JSON/SBJSON.h"; sourceTree = "<group>"; };
		93318609159B98F700DF926D /* SBJSON.m */ = {isa = PBXFileReference; fileEncoding = 4; lastKnownFileType = sourcecode.c.objc; name = SBJSON.m; path = "libraries/facebook-ios-sdk/src/JSON/SBJSON.m"; sourceTree = "<group>"; };
		9331860A159B98F700DF926D /* SBJsonBase.h */ = {isa = PBXFileReference; fileEncoding = 4; lastKnownFileType = sourcecode.c.h; name = SBJsonBase.h; path = "libraries/facebook-ios-sdk/src/JSON/SBJsonBase.h"; sourceTree = "<group>"; };
		9331860B159B98F700DF926D /* SBJsonBase.m */ = {isa = PBXFileReference; fileEncoding = 4; lastKnownFileType = sourcecode.c.objc; name = SBJsonBase.m; path = "libraries/facebook-ios-sdk/src/JSON/SBJsonBase.m"; sourceTree = "<group>"; };
		9331860C159B98F700DF926D /* SBJsonParser.h */ = {isa = PBXFileReference; fileEncoding = 4; lastKnownFileType = sourcecode.c.h; name = SBJsonParser.h; path = "libraries/facebook-ios-sdk/src/JSON/SBJsonParser.h"; sourceTree = "<group>"; };
		9331860D159B98F700DF926D /* SBJsonParser.m */ = {isa = PBXFileReference; fileEncoding = 4; lastKnownFileType = sourcecode.c.objc; name = SBJsonParser.m; path = "libraries/facebook-ios-sdk/src/JSON/SBJsonParser.m"; sourceTree = "<group>"; };
		9331860E159B98F700DF926D /* SBJsonWriter.h */ = {isa = PBXFileReference; fileEncoding = 4; lastKnownFileType = sourcecode.c.h; name = SBJsonWriter.h; path = "libraries/facebook-ios-sdk/src/JSON/SBJsonWriter.h"; sourceTree = "<group>"; };
		9331860F159B98F700DF926D /* SBJsonWriter.m */ = {isa = PBXFileReference; fileEncoding = 4; lastKnownFileType = sourcecode.c.objc; name = SBJsonWriter.m; path = "libraries/facebook-ios-sdk/src/JSON/SBJsonWriter.m"; sourceTree = "<group>"; };
		9346111315A2710300411831 /* SystemConfiguration.framework */ = {isa = PBXFileReference; lastKnownFileType = wrapper.framework; name = SystemConfiguration.framework; path = System/Library/Frameworks/SystemConfiguration.framework; sourceTree = SDKROOT; };
		9385D000159BAD3C00A73FA5 /* MainWindow.xib */ = {isa = PBXFileReference; fileEncoding = 4; lastKnownFileType = file.xib; name = MainWindow.xib; path = xibs/MainWindow.xib; sourceTree = "<group>"; };
		9385D001159BAD3C00A73FA5 /* StatsCategoryCustomCell.xib */ = {isa = PBXFileReference; fileEncoding = 4; lastKnownFileType = file.xib; name = StatsCategoryCustomCell.xib; path = xibs/StatsCategoryCustomCell.xib; sourceTree = "<group>"; };
		9385D002159BAD3C00A73FA5 /* StatsCategoryViewController.xib */ = {isa = PBXFileReference; fileEncoding = 4; lastKnownFileType = file.xib; name = StatsCategoryViewController.xib; path = xibs/StatsCategoryViewController.xib; sourceTree = "<group>"; };
		9385D003159BAD3C00A73FA5 /* StatsFriendCustomCell.xib */ = {isa = PBXFileReference; fileEncoding = 4; lastKnownFileType = file.xib; name = StatsFriendCustomCell.xib; path = xibs/StatsFriendCustomCell.xib; sourceTree = "<group>"; };
		9385D004159BAD3C00A73FA5 /* StatsHistoryCustomCell.xib */ = {isa = PBXFileReference; fileEncoding = 4; lastKnownFileType = file.xib; name = StatsHistoryCustomCell.xib; path = xibs/StatsHistoryCustomCell.xib; sourceTree = "<group>"; };
		9385D005159BAD3C00A73FA5 /* StatsHistoryViewController.xib */ = {isa = PBXFileReference; fileEncoding = 4; lastKnownFileType = file.xib; name = StatsHistoryViewController.xib; path = xibs/StatsHistoryViewController.xib; sourceTree = "<group>"; };
		9385D00C159BAD5300A73FA5 /* FBFriendCustomCell.xib */ = {isa = PBXFileReference; fileEncoding = 4; lastKnownFileType = file.xib; name = FBFriendCustomCell.xib; path = xibs/FBFriendCustomCell.xib; sourceTree = "<group>"; };
		9385D00D159BAD5300A73FA5 /* FillInBlankQuizViewController.xib */ = {isa = PBXFileReference; fileEncoding = 4; lastKnownFileType = file.xib; name = FillInBlankQuizViewController.xib; path = xibs/FillInBlankQuizViewController.xib; sourceTree = "<group>"; };
		9385D00E159BAD5300A73FA5 /* MultipleChoiceQuizViewController.xib */ = {isa = PBXFileReference; fileEncoding = 4; lastKnownFileType = file.xib; name = MultipleChoiceQuizViewController.xib; path = xibs/MultipleChoiceQuizViewController.xib; sourceTree = "<group>"; };
		9385D019159BAD8500A73FA5 /* main.m */ = {isa = PBXFileReference; fileEncoding = 4; lastKnownFileType = sourcecode.c.objc; name = main.m; path = Classes/main.m; sourceTree = "<group>"; };
		9385D029159BAEE500A73FA5 /* GuessThatFriend_Prefix.pch */ = {isa = PBXFileReference; fileEncoding = 4; lastKnownFileType = sourcecode.c.h; path = GuessThatFriend_Prefix.pch; sourceTree = "<group>"; };
		938CE1B114F9C03700BE5698 /* FillBlankQuestion.h */ = {isa = PBXFileReference; fileEncoding = 4; lastKnownFileType = sourcecode.c.h; path = FillBlankQuestion.h; sourceTree = "<group>"; };
		938CE1B214F9C03700BE5698 /* FillBlankQuestion.m */ = {isa = PBXFileReference; fileEncoding = 4; lastKnownFileType = sourcecode.c.objc; path = FillBlankQuestion.m; sourceTree = "<group>"; };
		93BA120714F9B10100248763 /* Category.h */ = {isa = PBXFileReference; fileEncoding = 4; lastKnownFileType = sourcecode.c.h; path = Category.h; sourceTree = "<group>"; };
		93BA120814F9B10100248763 /* Category.m */ = {isa = PBXFileReference; fileEncoding = 4; lastKnownFileType = sourcecode.c.objc; path = Category.m; sourceTree = "<group>"; };
		93BA120A14F9BAF000248763 /* Subject.h */ = {isa = PBXFileReference; fileEncoding = 4; lastKnownFileType = sourcecode.c.h; path = Subject.h; sourceTree = "<group>"; };
		93BA120B14F9BAF000248763 /* Subject.m */ = {isa = PBXFileReference; fileEncoding = 4; lastKnownFileType = sourcecode.c.objc; path = Subject.m; sourceTree = "<group>"; };
		93CB738F15A36B8C001A5401 /* appstore.png */ = {isa = PBXFileReference; lastKnownFileType = image.png; path = appstore.png; sourceTree = "<group>"; };
		93CB739015A36B8C001A5401 /* appstore@2x.png */ = {isa = PBXFileReference; lastKnownFileType = image.png; path = "appstore@2x.png"; sourceTree = "<group>"; };
		93CB739215A36B8C001A5401 /* background.png */ = {isa = PBXFileReference; lastKnownFileType = image.png; path = background.png; sourceTree = "<group>"; };
		93CB739315A36B8C001A5401 /* background@2x.png */ = {isa = PBXFileReference; lastKnownFileType = image.png; path = "background@2x.png"; sourceTree = "<group>"; };
		93CB739515A36B8C001A5401 /* navbar.png */ = {isa = PBXFileReference; lastKnownFileType = image.png; path = navbar.png; sourceTree = "<group>"; };
		93CB739615A36B8C001A5401 /* navbar@2x.png */ = {isa = PBXFileReference; lastKnownFileType = image.png; path = "navbar@2x.png"; sourceTree = "<group>"; };
		93CB739815A36B8C001A5401 /* Button_Next.png */ = {isa = PBXFileReference; lastKnownFileType = image.png; path = Button_Next.png; sourceTree = "<group>"; };
		93CB739915A36B8C001A5401 /* Button_Next@2x.png */ = {isa = PBXFileReference; lastKnownFileType = image.png; path = "Button_Next@2x.png"; sourceTree = "<group>"; };
		93CB739A15A36B8C001A5401 /* Button_NextPressed.png */ = {isa = PBXFileReference; lastKnownFileType = image.png; path = Button_NextPressed.png; sourceTree = "<group>"; };
		93CB739B15A36B8C001A5401 /* Button_NextPressed@2x.png */ = {isa = PBXFileReference; lastKnownFileType = image.png; path = "Button_NextPressed@2x.png"; sourceTree = "<group>"; };
		93CB73A615A36BBA001A5401 /* GTF_Icon.png */ = {isa = PBXFileReference; lastKnownFileType = image.png; path = GTF_Icon.png; sourceTree = "<group>"; };
		93CB73A815A36BC3001A5401 /* GTF_Icon@2x.png */ = {isa = PBXFileReference; lastKnownFileType = image.png; path = "GTF_Icon@2x.png"; sourceTree = "<group>"; };
		93CB73AA15A36BCA001A5401 /* Default.png */ = {isa = PBXFileReference; lastKnownFileType = image.png; path = Default.png; sourceTree = "<group>"; };
		93CB73AC15A36BCE001A5401 /* Default@2x.png */ = {isa = PBXFileReference; lastKnownFileType = image.png; path = "Default@2x.png"; sourceTree = "<group>"; };
		93D85F4B159C1C7500B21301 /* HJCircularBuffer.h */ = {isa = PBXFileReference; fileEncoding = 4; lastKnownFileType = sourcecode.c.h; name = HJCircularBuffer.h; path = libraries/HJCache/HJCacheClasses/HJCircularBuffer.h; sourceTree = "<group>"; };
		93D85F4C159C1C7500B21301 /* HJManagedImageV.h */ = {isa = PBXFileReference; fileEncoding = 4; lastKnownFileType = sourcecode.c.h; name = HJManagedImageV.h; path = libraries/HJCache/HJCacheClasses/HJManagedImageV.h; sourceTree = "<group>"; };
		93D85F4D159C1C7500B21301 /* HJManagedImageVDelegate.h */ = {isa = PBXFileReference; fileEncoding = 4; lastKnownFileType = sourcecode.c.h; name = HJManagedImageVDelegate.h; path = libraries/HJCache/HJCacheClasses/HJManagedImageVDelegate.h; sourceTree = "<group>"; };
		93D85F4E159C1C7500B21301 /* HJMOBigFileCache.h */ = {isa = PBXFileReference; fileEncoding = 4; lastKnownFileType = sourcecode.c.h; name = HJMOBigFileCache.h; path = libraries/HJCache/HJCacheClasses/HJMOBigFileCache.h; sourceTree = "<group>"; };
		93D85F4F159C1C7500B21301 /* HJMOFileCache.h */ = {isa = PBXFileReference; fileEncoding = 4; lastKnownFileType = sourcecode.c.h; name = HJMOFileCache.h; path = libraries/HJCache/HJCacheClasses/HJMOFileCache.h; sourceTree = "<group>"; };
		93D85F50159C1C7500B21301 /* HJMOHandler.h */ = {isa = PBXFileReference; fileEncoding = 4; lastKnownFileType = sourcecode.c.h; name = HJMOHandler.h; path = libraries/HJCache/HJCacheClasses/HJMOHandler.h; sourceTree = "<group>"; };
		93D85F51159C1C7500B21301 /* HJMOPolicy.h */ = {isa = PBXFileReference; fileEncoding = 4; lastKnownFileType = sourcecode.c.h; name = HJMOPolicy.h; path = libraries/HJCache/HJCacheClasses/HJMOPolicy.h; sourceTree = "<group>"; };
		93D85F52159C1C7500B21301 /* HJMOUser.h */ = {isa = PBXFileReference; fileEncoding = 4; lastKnownFileType = sourcecode.c.h; name = HJMOUser.h; path = libraries/HJCache/HJCacheClasses/HJMOUser.h; sourceTree = "<group>"; };
		93D85F53159C1C7500B21301 /* HJMOUserBase.h */ = {isa = PBXFileReference; fileEncoding = 4; lastKnownFileType = sourcecode.c.h; name = HJMOUserBase.h; path = libraries/HJCache/HJCacheClasses/HJMOUserBase.h; sourceTree = "<group>"; };
		93D85F54159C1C7500B21301 /* HJObjManager.h */ = {isa = PBXFileReference; fileEncoding = 4; lastKnownFileType = sourcecode.c.h; name = HJObjManager.h; path = libraries/HJCache/HJCacheClasses/HJObjManager.h; sourceTree = "<group>"; };
		93D85F55159C1C7500B21301 /* HJWeakMutableArray.h */ = {isa = PBXFileReference; fileEncoding = 4; lastKnownFileType = sourcecode.c.h; name = HJWeakMutableArray.h; path = libraries/HJCache/HJCacheClasses/HJWeakMutableArray.h; sourceTree = "<group>"; };
		93D85F56159C1C7500B21301 /* HJCircularBuffer.m */ = {isa = PBXFileReference; fileEncoding = 4; lastKnownFileType = sourcecode.c.objc; name = HJCircularBuffer.m; path = libraries/HJCache/HJCacheClasses/HJCircularBuffer.m; sourceTree = "<group>"; };
		93D85F57159C1C7500B21301 /* HJManagedImageV.m */ = {isa = PBXFileReference; fileEncoding = 4; lastKnownFileType = sourcecode.c.objc; name = HJManagedImageV.m; path = libraries/HJCache/HJCacheClasses/HJManagedImageV.m; sourceTree = "<group>"; };
		93D85F58159C1C7500B21301 /* HJMOBigFileCache.m */ = {isa = PBXFileReference; fileEncoding = 4; lastKnownFileType = sourcecode.c.objc; name = HJMOBigFileCache.m; path = libraries/HJCache/HJCacheClasses/HJMOBigFileCache.m; sourceTree = "<group>"; };
		93D85F59159C1C7500B21301 /* HJMOFileCache.m */ = {isa = PBXFileReference; fileEncoding = 4; lastKnownFileType = sourcecode.c.objc; name = HJMOFileCache.m; path = libraries/HJCache/HJCacheClasses/HJMOFileCache.m; sourceTree = "<group>"; };
		93D85F5A159C1C7500B21301 /* HJMOHandler.m */ = {isa = PBXFileReference; fileEncoding = 4; lastKnownFileType = sourcecode.c.objc; name = HJMOHandler.m; path = libraries/HJCache/HJCacheClasses/HJMOHandler.m; sourceTree = "<group>"; };
		93D85F5B159C1C7500B21301 /* HJMOPolicy.m */ = {isa = PBXFileReference; fileEncoding = 4; lastKnownFileType = sourcecode.c.objc; name = HJMOPolicy.m; path = libraries/HJCache/HJCacheClasses/HJMOPolicy.m; sourceTree = "<group>"; };
		93D85F5C159C1C7500B21301 /* HJMOUserBase.m */ = {isa = PBXFileReference; fileEncoding = 4; lastKnownFileType = sourcecode.c.objc; name = HJMOUserBase.m; path = libraries/HJCache/HJCacheClasses/HJMOUserBase.m; sourceTree = "<group>"; };
		93D85F5D159C1C7500B21301 /* HJObjManager.m */ = {isa = PBXFileReference; fileEncoding = 4; lastKnownFileType = sourcecode.c.objc; name = HJObjManager.m; path = libraries/HJCache/HJCacheClasses/HJObjManager.m; sourceTree = "<group>"; };
		93D85F5E159C1C7500B21301 /* HJWeakMutableArray.m */ = {isa = PBXFileReference; fileEncoding = 4; lastKnownFileType = sourcecode.c.objc; name = HJWeakMutableArray.m; path = libraries/HJCache/HJCacheClasses/HJWeakMutableArray.m; sourceTree = "<group>"; };
		93DED2C215A26D2C0081B359 /* Reachability.h */ = {isa = PBXFileReference; fileEncoding = 4; lastKnownFileType = sourcecode.c.h; path = Reachability.h; sourceTree = "<group>"; };
		93DED2C315A26D2C0081B359 /* Reachability.m */ = {isa = PBXFileReference; fileEncoding = 4; lastKnownFileType = sourcecode.c.objc; path = Reachability.m; sourceTree = "<group>"; };
		93E21BFC150DBDD000A475DC /* UnitTesting.octest */ = {isa = PBXFileReference; explicitFileType = wrapper.cfbundle; includeInIndex = 0; path = UnitTesting.octest; sourceTree = BUILT_PRODUCTS_DIR; };
		93E21BFD150DBDD000A475DC /* SenTestingKit.framework */ = {isa = PBXFileReference; lastKnownFileType = wrapper.framework; name = SenTestingKit.framework; path = Library/Frameworks/SenTestingKit.framework; sourceTree = DEVELOPER_DIR; };
		93E21C03150DBDD000A475DC /* UnitTesting-Info.plist */ = {isa = PBXFileReference; lastKnownFileType = text.plist.xml; path = "UnitTesting-Info.plist"; sourceTree = "<group>"; };
		93E21C05150DBDD000A475DC /* en */ = {isa = PBXFileReference; lastKnownFileType = text.plist.strings; name = en; path = en.lproj/InfoPlist.strings; sourceTree = "<group>"; };
		93E21C07150DBDD000A475DC /* UnitTesting.h */ = {isa = PBXFileReference; lastKnownFileType = sourcecode.c.h; path = UnitTesting.h; sourceTree = "<group>"; };
		93E21C08150DBDD000A475DC /* UnitTesting.m */ = {isa = PBXFileReference; lastKnownFileType = sourcecode.c.objc; path = UnitTesting.m; sourceTree = "<group>"; };
		93E21C0A150DBDD000A475DC /* UnitTesting-Prefix.pch */ = {isa = PBXFileReference; lastKnownFileType = sourcecode.c.h; path = "UnitTesting-Prefix.pch"; sourceTree = "<group>"; };
		93FC73C414F9AE15002EB781 /* Question.h */ = {isa = PBXFileReference; fileEncoding = 4; indentWidth = 4; lastKnownFileType = sourcecode.c.h; path = Question.h; sourceTree = "<group>"; tabWidth = 4; usesTabs = 0; wrapsLines = 1; };
		93FC73C514F9AE15002EB781 /* Question.m */ = {isa = PBXFileReference; fileEncoding = 4; indentWidth = 4; lastKnownFileType = sourcecode.c.objc; path = Question.m; sourceTree = "<group>"; tabWidth = 4; usesTabs = 0; wrapsLines = 1; };
		BA6F95931533DE3600C875F1 /* StatsFriendsViewController.h */ = {isa = PBXFileReference; fileEncoding = 4; lastKnownFileType = sourcecode.c.h; path = StatsFriendsViewController.h; sourceTree = "<group>"; };
		BA6F95941533DE3600C875F1 /* StatsFriendsViewController.m */ = {isa = PBXFileReference; fileEncoding = 4; lastKnownFileType = sourcecode.c.objc; path = StatsFriendsViewController.m; sourceTree = "<group>"; };
		BA6F95951533DE3600C875F1 /* StatsFriendViewController.xib */ = {isa = PBXFileReference; fileEncoding = 4; lastKnownFileType = file.xib; name = StatsFriendViewController.xib; path = Classes/StatsFriendViewController.xib; sourceTree = "<group>"; };
		BA8F71A51535063F000C7458 /* StatsFriendCustomCell.h */ = {isa = PBXFileReference; fileEncoding = 4; lastKnownFileType = sourcecode.c.h; path = StatsFriendCustomCell.h; sourceTree = "<group>"; };
		BA8F71A61535063F000C7458 /* StatsFriendCustomCell.m */ = {isa = PBXFileReference; fileEncoding = 4; lastKnownFileType = sourcecode.c.objc; path = StatsFriendCustomCell.m; sourceTree = "<group>"; };
		BA983F751548C2EC001D59B0 /* imageCachePlist.plist */ = {isa = PBXFileReference; fileEncoding = 4; lastKnownFileType = text.plist.xml; path = imageCachePlist.plist; sourceTree = "<group>"; };
/* End PBXFileReference section */

/* Begin PBXFrameworksBuildPhase section */
		1D60588F0D05DD3D006BFB54 /* Frameworks */ = {
			isa = PBXFrameworksBuildPhase;
			buildActionMask = 2147483647;
			files = (
				9346111415A2710300411831 /* SystemConfiguration.framework in Frameworks */,
				1D60589F0D05DD5A006BFB54 /* Foundation.framework in Frameworks */,
				1DF5F4E00D08C38300B7A737 /* UIKit.framework in Frameworks */,
				288765A50DF7441C002DB57D /* CoreGraphics.framework in Frameworks */,
			);
			runOnlyForDeploymentPostprocessing = 0;
		};
		93E21BF8150DBDD000A475DC /* Frameworks */ = {
			isa = PBXFrameworksBuildPhase;
			buildActionMask = 2147483647;
			files = (
				93E21BFE150DBDD000A475DC /* SenTestingKit.framework in Frameworks */,
				93E21BFF150DBDD000A475DC /* UIKit.framework in Frameworks */,
				93E21C00150DBDD000A475DC /* Foundation.framework in Frameworks */,
			);
			runOnlyForDeploymentPostprocessing = 0;
		};
/* End PBXFrameworksBuildPhase section */

/* Begin PBXGroup section */
		080E96DDFE201D6D7F000001 /* Classes */ = {
			isa = PBXGroup;
			children = (
				4D12199814F5BB740051646B /* Models */,
				4D1A375414DB2A7900BEB8B8 /* ViewControllers */,
			);
			path = Classes;
			sourceTree = "<group>";
		};
		19C28FACFE9D520D11CA2CBB /* Products */ = {
			isa = PBXGroup;
			children = (
				1D6058910D05DD3D006BFB54 /* GuessThatFriend.app */,
				93E21BFC150DBDD000A475DC /* UnitTesting.octest */,
			);
			name = Products;
			sourceTree = "<group>";
		};
		29B97314FDCFA39411CA2CEA /* CustomTemplate */ = {
			isa = PBXGroup;
			children = (
				93CB73AC15A36BCE001A5401 /* Default@2x.png */,
				93CB73AA15A36BCA001A5401 /* Default.png */,
				93CB73A815A36BC3001A5401 /* GTF_Icon@2x.png */,
				93CB73A615A36BBA001A5401 /* GTF_Icon.png */,
				9346111315A2710300411831 /* SystemConfiguration.framework */,
				933185E7159B983D00DF926D /* libraries */,
				4D8D79BB14EB993300CAA606 /* Documentation */,
				080E96DDFE201D6D7F000001 /* Classes */,
				1D3623240D0F684500981E51 /* GuessThatFriendAppDelegate.h */,
				1D3623250D0F684500981E51 /* GuessThatFriendAppDelegate.m */,
				29B97315FDCFA39411CA2CEA /* Other Sources */,
				29B97317FDCFA39411CA2CEA /* Resources */,
				93E21C01150DBDD000A475DC /* UnitTesting */,
				29B97323FDCFA39411CA2CEA /* Frameworks */,
				19C28FACFE9D520D11CA2CBB /* Products */,
			);
			name = CustomTemplate;
			sourceTree = "<group>";
		};
		29B97315FDCFA39411CA2CEA /* Other Sources */ = {
			isa = PBXGroup;
			children = (
				9385D029159BAEE500A73FA5 /* GuessThatFriend_Prefix.pch */,
				9385D019159BAD8500A73FA5 /* main.m */,
			);
			name = "Other Sources";
			sourceTree = "<group>";
		};
		29B97317FDCFA39411CA2CEA /* Resources */ = {
			isa = PBXGroup;
			children = (
				BA983F741548C2C3001D59B0 /* plist */,
				4D8D797314EB91C900CAA606 /* Images */,
				4D8D797214EB91B500CAA606 /* Nibs */,
				8D1107310486CEB800E47090 /* GuessThatFriend-Info.plist */,
			);
			name = Resources;
			sourceTree = "<group>";
		};
		29B97323FDCFA39411CA2CEA /* Frameworks */ = {
			isa = PBXGroup;
			children = (
				1DF5F4DF0D08C38300B7A737 /* UIKit.framework */,
				1D30AB110D05D00D00671497 /* Foundation.framework */,
				288765A40DF7441C002DB57D /* CoreGraphics.framework */,
				93E21BFD150DBDD000A475DC /* SenTestingKit.framework */,
			);
			name = Frameworks;
			sourceTree = "<group>";
		};
		4D007C5C1551DE2A008F2384 /* CustomCells */ = {
			isa = PBXGroup;
			children = (
				BA8F71A51535063F000C7458 /* StatsFriendCustomCell.h */,
				BA8F71A61535063F000C7458 /* StatsFriendCustomCell.m */,
				4D922B55154EF24E0092B5F4 /* StatsCategoryCustomCell.h */,
				4D922B56154EF24E0092B5F4 /* StatsCategoryCustomCell.m */,
				4D922B58154EF25E0092B5F4 /* StatsHistoryCustomCell.h */,
				4D922B59154EF25E0092B5F4 /* StatsHistoryCustomCell.m */,
			);
			name = CustomCells;
			sourceTree = "<group>";
		};
		4D12199814F5BB740051646B /* Models */ = {
			isa = PBXGroup;
			children = (
				93DED2C115A26D2C0081B359 /* Reachability */,
				93BA120714F9B10100248763 /* Category.h */,
				93BA120814F9B10100248763 /* Category.m */,
				938CE1B114F9C03700BE5698 /* FillBlankQuestion.h */,
				938CE1B214F9C03700BE5698 /* FillBlankQuestion.m */,
				4D8D7AAB14EC5C9300CAA606 /* MCQuestion.h */,
				4D8D7AAC14EC5C9300CAA606 /* MCQuestion.m */,
				4D8D7A5F14EBB8BC00CAA606 /* Option.h */,
				4D8D7A6014EBB8BC00CAA606 /* Option.m */,
				93FC73C414F9AE15002EB781 /* Question.h */,
				93FC73C514F9AE15002EB781 /* Question.m */,
				4D8D7AB014EC5CF400CAA606 /* QuizManager.h */,
				4D8D7AB114EC5CF400CAA606 /* QuizManager.m */,
				4D8D7ABC14EC606A00CAA606 /* QuizSettings.h */,
				4D8D7ABD14EC606A00CAA606 /* QuizSettings.m */,
				93BA120A14F9BAF000248763 /* Subject.h */,
				93BA120B14F9BAF000248763 /* Subject.m */,
				4DFD9A9815352ECD00BB8F92 /* FriendStatsObject.h */,
				4DFD9A9915352ECD00BB8F92 /* FriendStatsObject.m */,
				4DF2780A154E7AFF00603D4A /* CategoryStatsObject.h */,
				4DF2780B154E7AFF00603D4A /* CategoryStatsObject.m */,
				4DF2780D154E7B1100603D4A /* HistoryStatsObject.h */,
				4DF2780E154E7B1100603D4A /* HistoryStatsObject.m */,
			);
			name = Models;
			sourceTree = "<group>";
		};
		4D1A375414DB2A7900BEB8B8 /* ViewControllers */ = {
			isa = PBXGroup;
			children = (
				4D8D7A0214EBA5EB00CAA606 /* QuizViewControllers */,
				4D8D7A0A14EBA63300CAA606 /* CommonViewControllers */,
			);
			name = ViewControllers;
			sourceTree = "<group>";
		};
		4D8D797214EB91B500CAA606 /* Nibs */ = {
			isa = PBXGroup;
			children = (
				4D8D7A1014EBA67700CAA606 /* Common Nibs */,
				4D8D7A1114EBA68800CAA606 /* Quiz Nibs */,
			);
			name = Nibs;
			sourceTree = "<group>";
		};
		4D8D797314EB91C900CAA606 /* Images */ = {
			isa = PBXGroup;
			children = (
				93CB738E15A36B8C001A5401 /* appstore */,
				93CB739115A36B8C001A5401 /* background */,
				93CB739415A36B8C001A5401 /* navbar */,
				93CB739715A36B8C001A5401 /* nextbutton */,
				93DED2B715A25DE40081B359 /* glyphish */,
			);
			name = Images;
			sourceTree = "<group>";
		};
		4D8D79BB14EB993300CAA606 /* Documentation */ = {
			isa = PBXGroup;
			children = (
			);
			name = Documentation;
			sourceTree = "<group>";
		};
		4D8D7A0214EBA5EB00CAA606 /* QuizViewControllers */ = {
			isa = PBXGroup;
			children = (
				4D8D79EB14EBA47C00CAA606 /* QuizBaseViewController.h */,
				4D8D79EC14EBA47C00CAA606 /* QuizBaseViewController.m */,
				4D8D79D414EBA10A00CAA606 /* MultipleChoiceQuizViewController.h */,
				4D8D79D514EBA10A00CAA606 /* MultipleChoiceQuizViewController.m */,
				4D8D79E314EBA35300CAA606 /* FillInBlankQuizViewController.h */,
				4D8D79E414EBA35300CAA606 /* FillInBlankQuizViewController.m */,
				4D8D79B814EB992300CAA606 /* FBFriendCustomCell.h */,
				4D8D79B914EB992300CAA606 /* FBFriendCustomCell.m */,
			);
			name = QuizViewControllers;
			sourceTree = "<group>";
		};
		4D8D7A0A14EBA63300CAA606 /* CommonViewControllers */ = {
			isa = PBXGroup;
			children = (
				4DFC3A9415400CEF00648D9A /* StatsViewControllers */,
			);
			name = CommonViewControllers;
			sourceTree = "<group>";
		};
		4D8D7A1014EBA67700CAA606 /* Common Nibs */ = {
			isa = PBXGroup;
			children = (
				9385D000159BAD3C00A73FA5 /* MainWindow.xib */,
				9385D001159BAD3C00A73FA5 /* StatsCategoryCustomCell.xib */,
				9385D002159BAD3C00A73FA5 /* StatsCategoryViewController.xib */,
				9385D003159BAD3C00A73FA5 /* StatsFriendCustomCell.xib */,
				9385D004159BAD3C00A73FA5 /* StatsHistoryCustomCell.xib */,
				9385D005159BAD3C00A73FA5 /* StatsHistoryViewController.xib */,
				BA6F95951533DE3600C875F1 /* StatsFriendViewController.xib */,
			);
			name = "Common Nibs";
			sourceTree = "<group>";
		};
		4D8D7A1114EBA68800CAA606 /* Quiz Nibs */ = {
			isa = PBXGroup;
			children = (
				9385D00C159BAD5300A73FA5 /* FBFriendCustomCell.xib */,
				9385D00D159BAD5300A73FA5 /* FillInBlankQuizViewController.xib */,
				9385D00E159BAD5300A73FA5 /* MultipleChoiceQuizViewController.xib */,
			);
			name = "Quiz Nibs";
			sourceTree = "<group>";
		};
		4DFC3A9415400CEF00648D9A /* StatsViewControllers */ = {
			isa = PBXGroup;
			children = (
				4D007C5C1551DE2A008F2384 /* CustomCells */,
				4DFC3A9015400CE200648D9A /* StatsBaseViewController.h */,
				4DFC3A9115400CE200648D9A /* StatsBaseViewController.m */,
				BA6F95931533DE3600C875F1 /* StatsFriendsViewController.h */,
				BA6F95941533DE3600C875F1 /* StatsFriendsViewController.m */,
				4DF27804154E775D00603D4A /* StatsCategoriesViewController.h */,
				4DF27805154E775D00603D4A /* StatsCategoriesViewController.m */,
				4DF27807154E776D00603D4A /* StatsHistoryViewController.h */,
				4DF27808154E776D00603D4A /* StatsHistoryViewController.m */,
			);
			name = StatsViewControllers;
			sourceTree = "<group>";
		};
		933185E7159B983D00DF926D /* libraries */ = {
			isa = PBXGroup;
			children = (
				93D85F49159C1C5D00B21301 /* HJCache */,
				933185EA159B984A00DF926D /* facebook-ios-sdk */,
				933185E9159B984500DF926D /* JSONKit */,
			);
			name = libraries;
			sourceTree = "<group>";
		};
		933185E9159B984500DF926D /* JSONKit */ = {
			isa = PBXGroup;
			children = (
				933185EB159B985D00DF926D /* JSONKit.h */,
				933185EC159B985D00DF926D /* JSONKit.m */,
			);
			name = JSONKit;
			sourceTree = "<group>";
		};
		933185EA159B984A00DF926D /* facebook-ios-sdk */ = {
			isa = PBXGroup;
			children = (
				93318602159B98ED00DF926D /* JSON */,
				933185EE159B987700DF926D /* Facebook.h */,
				933185EF159B987700DF926D /* Facebook.m */,
				933185F0159B987700DF926D /* FBConnect.h */,
				933185F1159B987700DF926D /* FBDialog.bundle */,
				933185F2159B987700DF926D /* FBDialog.h */,
				933185F3159B987700DF926D /* FBDialog.m */,
				933185F4159B987700DF926D /* FBFrictionlessRequestSettings.h */,
				933185F5159B987700DF926D /* FBFrictionlessRequestSettings.m */,
				933185F6159B987700DF926D /* FBLoginDialog.h */,
				933185F7159B987700DF926D /* FBLoginDialog.m */,
				933185F8159B987700DF926D /* FBRequest.h */,
				933185F9159B987700DF926D /* FBRequest.m */,
			);
			name = "facebook-ios-sdk";
			sourceTree = "<group>";
		};
		93318602159B98ED00DF926D /* JSON */ = {
			isa = PBXGroup;
			children = (
				93318603159B98F700DF926D /* JSON.h */,
				93318604159B98F700DF926D /* NSObject+SBJSON.h */,
				93318605159B98F700DF926D /* NSObject+SBJSON.m */,
				93318606159B98F700DF926D /* NSString+SBJSON.h */,
				93318607159B98F700DF926D /* NSString+SBJSON.m */,
				93318608159B98F700DF926D /* SBJSON.h */,
				93318609159B98F700DF926D /* SBJSON.m */,
				9331860A159B98F700DF926D /* SBJsonBase.h */,
				9331860B159B98F700DF926D /* SBJsonBase.m */,
				9331860C159B98F700DF926D /* SBJsonParser.h */,
				9331860D159B98F700DF926D /* SBJsonParser.m */,
				9331860E159B98F700DF926D /* SBJsonWriter.h */,
				9331860F159B98F700DF926D /* SBJsonWriter.m */,
			);
			name = JSON;
			sourceTree = "<group>";
		};
		93CB738E15A36B8C001A5401 /* appstore */ = {
			isa = PBXGroup;
			children = (
				93CB738F15A36B8C001A5401 /* appstore.png */,
				93CB739015A36B8C001A5401 /* appstore@2x.png */,
			);
			name = appstore;
			path = images/appstore;
			sourceTree = "<group>";
		};
		93CB739115A36B8C001A5401 /* background */ = {
			isa = PBXGroup;
			children = (
				93CB739215A36B8C001A5401 /* background.png */,
				93CB739315A36B8C001A5401 /* background@2x.png */,
			);
			name = background;
			path = images/background;
			sourceTree = "<group>";
		};
		93CB739415A36B8C001A5401 /* navbar */ = {
			isa = PBXGroup;
			children = (
				93CB739515A36B8C001A5401 /* navbar.png */,
				93CB739615A36B8C001A5401 /* navbar@2x.png */,
			);
			name = navbar;
			path = images/navbar;
			sourceTree = "<group>";
		};
		93CB739715A36B8C001A5401 /* nextbutton */ = {
			isa = PBXGroup;
			children = (
				93CB739815A36B8C001A5401 /* Button_Next.png */,
				93CB739915A36B8C001A5401 /* Button_Next@2x.png */,
				93CB739A15A36B8C001A5401 /* Button_NextPressed.png */,
				93CB739B15A36B8C001A5401 /* Button_NextPressed@2x.png */,
			);
			name = nextbutton;
			path = images/nextbutton;
			sourceTree = "<group>";
		};
		93D85F49159C1C5D00B21301 /* HJCache */ = {
			isa = PBXGroup;
			children = (
				93D85F4B159C1C7500B21301 /* HJCircularBuffer.h */,
				93D85F4C159C1C7500B21301 /* HJManagedImageV.h */,
				93D85F4D159C1C7500B21301 /* HJManagedImageVDelegate.h */,
				93D85F4E159C1C7500B21301 /* HJMOBigFileCache.h */,
				93D85F4F159C1C7500B21301 /* HJMOFileCache.h */,
				93D85F50159C1C7500B21301 /* HJMOHandler.h */,
				93D85F51159C1C7500B21301 /* HJMOPolicy.h */,
				93D85F52159C1C7500B21301 /* HJMOUser.h */,
				93D85F53159C1C7500B21301 /* HJMOUserBase.h */,
				93D85F54159C1C7500B21301 /* HJObjManager.h */,
				93D85F55159C1C7500B21301 /* HJWeakMutableArray.h */,
				93D85F56159C1C7500B21301 /* HJCircularBuffer.m */,
				93D85F57159C1C7500B21301 /* HJManagedImageV.m */,
				93D85F58159C1C7500B21301 /* HJMOBigFileCache.m */,
				93D85F59159C1C7500B21301 /* HJMOFileCache.m */,
				93D85F5A159C1C7500B21301 /* HJMOHandler.m */,
				93D85F5B159C1C7500B21301 /* HJMOPolicy.m */,
				93D85F5C159C1C7500B21301 /* HJMOUserBase.m */,
				93D85F5D159C1C7500B21301 /* HJObjManager.m */,
				93D85F5E159C1C7500B21301 /* HJWeakMutableArray.m */,
			);
			name = HJCache;
			sourceTree = "<group>";
		};
		93DED2B715A25DE40081B359 /* glyphish */ = {
			isa = PBXGroup;
			children = (
				9322D7C515A293E800A9C142 /* 33-cabinet.png */,
				9322D7C615A293E800A9C142 /* 112-group.png */,
				9322D7C015A2936300A9C142 /* 33-cabinet@2x.png */,
				9322D7C115A2936300A9C142 /* 112-group@2x.png */,
			);
			name = glyphish;
			sourceTree = "<group>";
		};
		93DED2C115A26D2C0081B359 /* Reachability */ = {
			isa = PBXGroup;
			children = (
				93DED2C215A26D2C0081B359 /* Reachability.h */,
				93DED2C315A26D2C0081B359 /* Reachability.m */,
			);
			path = Reachability;
			sourceTree = "<group>";
		};
		93E21C01150DBDD000A475DC /* UnitTesting */ = {
			isa = PBXGroup;
			children = (
				93E21C07150DBDD000A475DC /* UnitTesting.h */,
				93E21C08150DBDD000A475DC /* UnitTesting.m */,
				93E21C02150DBDD000A475DC /* Supporting Files */,
			);
			path = UnitTesting;
			sourceTree = "<group>";
		};
		93E21C02150DBDD000A475DC /* Supporting Files */ = {
			isa = PBXGroup;
			children = (
				93E21C03150DBDD000A475DC /* UnitTesting-Info.plist */,
				93E21C04150DBDD000A475DC /* InfoPlist.strings */,
				93E21C0A150DBDD000A475DC /* UnitTesting-Prefix.pch */,
			);
			name = "Supporting Files";
			sourceTree = "<group>";
		};
		BA983F741548C2C3001D59B0 /* plist */ = {
			isa = PBXGroup;
			children = (
				BA983F751548C2EC001D59B0 /* imageCachePlist.plist */,
			);
			name = plist;
			sourceTree = "<group>";
		};
/* End PBXGroup section */

/* Begin PBXNativeTarget section */
		1D6058900D05DD3D006BFB54 /* GuessThatFriend */ = {
			isa = PBXNativeTarget;
			buildConfigurationList = 1D6058960D05DD3E006BFB54 /* Build configuration list for PBXNativeTarget "GuessThatFriend" */;
			buildPhases = (
				1D60588D0D05DD3D006BFB54 /* Resources */,
				1D60588E0D05DD3D006BFB54 /* Sources */,
				1D60588F0D05DD3D006BFB54 /* Frameworks */,
			);
			buildRules = (
			);
			dependencies = (
			);
			name = GuessThatFriend;
			productName = GuessThatFriend;
			productReference = 1D6058910D05DD3D006BFB54 /* GuessThatFriend.app */;
			productType = "com.apple.product-type.application";
		};
		93E21BFB150DBDD000A475DC /* UnitTesting */ = {
			isa = PBXNativeTarget;
			buildConfigurationList = 93E21C0D150DBDD000A475DC /* Build configuration list for PBXNativeTarget "UnitTesting" */;
			buildPhases = (
				93E21BF7150DBDD000A475DC /* Sources */,
				93E21BF8150DBDD000A475DC /* Frameworks */,
				93E21BF9150DBDD000A475DC /* Resources */,
				93E21BFA150DBDD000A475DC /* ShellScript */,
			);
			buildRules = (
			);
			dependencies = (
				93E21C10150DCBDC00A475DC /* PBXTargetDependency */,
			);
			name = UnitTesting;
			productName = UnitTesting;
			productReference = 93E21BFC150DBDD000A475DC /* UnitTesting.octest */;
			productType = "com.apple.product-type.bundle";
		};
/* End PBXNativeTarget section */

/* Begin PBXProject section */
		29B97313FDCFA39411CA2CEA /* Project object */ = {
			isa = PBXProject;
			attributes = {
				LastUpgradeCheck = 0430;
			};
			buildConfigurationList = C01FCF4E08A954540054247B /* Build configuration list for PBXProject "GuessThatFriend" */;
			compatibilityVersion = "Xcode 3.2";
			developmentRegion = English;
			hasScannedForEncodings = 1;
			knownRegions = (
				English,
				Japanese,
				French,
				German,
				en,
			);
			mainGroup = 29B97314FDCFA39411CA2CEA /* CustomTemplate */;
			projectDirPath = "";
			projectRoot = "";
			targets = (
				1D6058900D05DD3D006BFB54 /* GuessThatFriend */,
				93E21BFB150DBDD000A475DC /* UnitTesting */,
			);
		};
/* End PBXProject section */

/* Begin PBXResourcesBuildPhase section */
		1D60588D0D05DD3D006BFB54 /* Resources */ = {
			isa = PBXResourcesBuildPhase;
			buildActionMask = 2147483647;
			files = (
				BA6F95971533DE3600C875F1 /* StatsFriendViewController.xib in Resources */,
				BA983F761548C2EC001D59B0 /* imageCachePlist.plist in Resources */,
				933185FC159B987700DF926D /* FBDialog.bundle in Resources */,
				9385D006159BAD3C00A73FA5 /* MainWindow.xib in Resources */,
				9385D007159BAD3C00A73FA5 /* StatsCategoryCustomCell.xib in Resources */,
				9385D008159BAD3C00A73FA5 /* StatsCategoryViewController.xib in Resources */,
				9385D009159BAD3C00A73FA5 /* StatsFriendCustomCell.xib in Resources */,
				9385D00A159BAD3C00A73FA5 /* StatsHistoryCustomCell.xib in Resources */,
				9385D00B159BAD3C00A73FA5 /* StatsHistoryViewController.xib in Resources */,
				9385D00F159BAD5300A73FA5 /* FBFriendCustomCell.xib in Resources */,
				9385D010159BAD5300A73FA5 /* FillInBlankQuizViewController.xib in Resources */,
				9385D011159BAD5300A73FA5 /* MultipleChoiceQuizViewController.xib in Resources */,
				9322D7C215A2936300A9C142 /* 33-cabinet@2x.png in Resources */,
				9322D7C315A2936300A9C142 /* 112-group@2x.png in Resources */,
				9322D7C715A293E800A9C142 /* 33-cabinet.png in Resources */,
				9322D7C815A293E800A9C142 /* 112-group.png in Resources */,
				93CB739C15A36B8C001A5401 /* appstore.png in Resources */,
				93CB739D15A36B8C001A5401 /* appstore@2x.png in Resources */,
				93CB739E15A36B8C001A5401 /* background.png in Resources */,
				93CB739F15A36B8C001A5401 /* background@2x.png in Resources */,
				93CB73A015A36B8C001A5401 /* navbar.png in Resources */,
				93CB73A115A36B8C001A5401 /* navbar@2x.png in Resources */,
				93CB73A215A36B8C001A5401 /* Button_Next.png in Resources */,
				93CB73A315A36B8C001A5401 /* Button_Next@2x.png in Resources */,
				93CB73A415A36B8C001A5401 /* Button_NextPressed.png in Resources */,
				93CB73A515A36B8C001A5401 /* Button_NextPressed@2x.png in Resources */,
				93CB73A715A36BBA001A5401 /* GTF_Icon.png in Resources */,
				93CB73A915A36BC3001A5401 /* GTF_Icon@2x.png in Resources */,
				93CB73AB15A36BCB001A5401 /* Default.png in Resources */,
				93CB73AD15A36BCE001A5401 /* Default@2x.png in Resources */,
			);
			runOnlyForDeploymentPostprocessing = 0;
		};
		93E21BF9150DBDD000A475DC /* Resources */ = {
			isa = PBXResourcesBuildPhase;
			buildActionMask = 2147483647;
			files = (
				93E21C06150DBDD000A475DC /* InfoPlist.strings in Resources */,
			);
			runOnlyForDeploymentPostprocessing = 0;
		};
/* End PBXResourcesBuildPhase section */

/* Begin PBXShellScriptBuildPhase section */
		93E21BFA150DBDD000A475DC /* ShellScript */ = {
			isa = PBXShellScriptBuildPhase;
			buildActionMask = 2147483647;
			files = (
			);
			inputPaths = (
			);
			outputPaths = (
			);
			runOnlyForDeploymentPostprocessing = 0;
			shellPath = /bin/sh;
			shellScript = "# Run the unit tests in this test bundle.\n\"${SYSTEM_DEVELOPER_DIR}/Tools/RunUnitTests\"\n";
		};
/* End PBXShellScriptBuildPhase section */

/* Begin PBXSourcesBuildPhase section */
		1D60588E0D05DD3D006BFB54 /* Sources */ = {
			isa = PBXSourcesBuildPhase;
			buildActionMask = 2147483647;
			files = (
				1D3623260D0F684500981E51 /* GuessThatFriendAppDelegate.m in Sources */,
				4D8D79BA14EB992300CAA606 /* FBFriendCustomCell.m in Sources */,
				4D8D79D614EBA10A00CAA606 /* MultipleChoiceQuizViewController.m in Sources */,
				4D8D79E514EBA35300CAA606 /* FillInBlankQuizViewController.m in Sources */,
				4D8D79ED14EBA47C00CAA606 /* QuizBaseViewController.m in Sources */,
				4D8D7A6114EBB8BC00CAA606 /* Option.m in Sources */,
				4D8D7AAD14EC5C9300CAA606 /* MCQuestion.m in Sources */,
				4D8D7AB214EC5CF400CAA606 /* QuizManager.m in Sources */,
				4D8D7ABE14EC606A00CAA606 /* QuizSettings.m in Sources */,
				93FC73C614F9AE15002EB781 /* Question.m in Sources */,
				93BA120914F9B10100248763 /* Category.m in Sources */,
				93BA120C14F9BAF000248763 /* Subject.m in Sources */,
				938CE1B314F9C03700BE5698 /* FillBlankQuestion.m in Sources */,
				BA6F95961533DE3600C875F1 /* StatsFriendsViewController.m in Sources */,
				BA8F71A71535063F000C7458 /* StatsFriendCustomCell.m in Sources */,
				4DFD9A9A15352ECD00BB8F92 /* FriendStatsObject.m in Sources */,
				4DFC3A9215400CE200648D9A /* StatsBaseViewController.m in Sources */,
				4DF27806154E775E00603D4A /* StatsCategoriesViewController.m in Sources */,
				4DF27809154E776D00603D4A /* StatsHistoryViewController.m in Sources */,
				4DF2780C154E7AFF00603D4A /* CategoryStatsObject.m in Sources */,
				4DF2780F154E7B1100603D4A /* HistoryStatsObject.m in Sources */,
				4D922B57154EF24E0092B5F4 /* StatsCategoryCustomCell.m in Sources */,
				4D922B5A154EF25E0092B5F4 /* StatsHistoryCustomCell.m in Sources */,
				933185ED159B985D00DF926D /* JSONKit.m in Sources */,
				933185FB159B987700DF926D /* Facebook.m in Sources */,
				933185FD159B987700DF926D /* FBDialog.m in Sources */,
				933185FE159B987700DF926D /* FBFrictionlessRequestSettings.m in Sources */,
				933185FF159B987700DF926D /* FBLoginDialog.m in Sources */,
				93318600159B987700DF926D /* FBRequest.m in Sources */,
				93318610159B98F700DF926D /* NSObject+SBJSON.m in Sources */,
				93318611159B98F700DF926D /* NSString+SBJSON.m in Sources */,
				93318612159B98F700DF926D /* SBJSON.m in Sources */,
				93318613159B98F700DF926D /* SBJsonBase.m in Sources */,
				93318614159B98F700DF926D /* SBJsonParser.m in Sources */,
				93318615159B98F700DF926D /* SBJsonWriter.m in Sources */,
				9385D01A159BAD8500A73FA5 /* main.m in Sources */,
				93D85F5F159C1C7500B21301 /* HJCircularBuffer.m in Sources */,
				93D85F60159C1C7500B21301 /* HJManagedImageV.m in Sources */,
				93D85F61159C1C7500B21301 /* HJMOBigFileCache.m in Sources */,
				93D85F62159C1C7500B21301 /* HJMOFileCache.m in Sources */,
				93D85F63159C1C7500B21301 /* HJMOHandler.m in Sources */,
				93D85F64159C1C7500B21301 /* HJMOPolicy.m in Sources */,
				93D85F65159C1C7500B21301 /* HJMOUserBase.m in Sources */,
				93D85F66159C1C7500B21301 /* HJObjManager.m in Sources */,
				93D85F67159C1C7500B21301 /* HJWeakMutableArray.m in Sources */,
				93DED2C415A26D2C0081B359 /* Reachability.m in Sources */,
			);
			runOnlyForDeploymentPostprocessing = 0;
		};
		93E21BF7150DBDD000A475DC /* Sources */ = {
			isa = PBXSourcesBuildPhase;
			buildActionMask = 2147483647;
			files = (
				93E21C09150DBDD000A475DC /* UnitTesting.m in Sources */,
			);
			runOnlyForDeploymentPostprocessing = 0;
		};
/* End PBXSourcesBuildPhase section */

/* Begin PBXTargetDependency section */
		93E21C10150DCBDC00A475DC /* PBXTargetDependency */ = {
			isa = PBXTargetDependency;
			target = 1D6058900D05DD3D006BFB54 /* GuessThatFriend */;
			targetProxy = 93E21C0F150DCBDC00A475DC /* PBXContainerItemProxy */;
		};
/* End PBXTargetDependency section */

/* Begin PBXVariantGroup section */
		93E21C04150DBDD000A475DC /* InfoPlist.strings */ = {
			isa = PBXVariantGroup;
			children = (
				93E21C05150DBDD000A475DC /* en */,
			);
			name = InfoPlist.strings;
			sourceTree = "<group>";
		};
/* End PBXVariantGroup section */

/* Begin XCBuildConfiguration section */
		1D6058940D05DD3E006BFB54 /* Debug */ = {
			isa = XCBuildConfiguration;
			buildSettings = {
				ALWAYS_SEARCH_USER_PATHS = NO;
				CLANG_ENABLE_OBJC_ARC = YES;
				COPY_PHASE_STRIP = NO;
				GCC_DYNAMIC_NO_PIC = NO;
				GCC_OPTIMIZATION_LEVEL = 0;
				GCC_PRECOMPILE_PREFIX_HEADER = YES;
				GCC_PREFIX_HEADER = GuessThatFriend_Prefix.pch;
				GCC_SYMBOLS_PRIVATE_EXTERN = NO;
				GCC_VERSION = com.apple.compilers.llvm.clang.1_0;
				INFOPLIST_FILE = "GuessThatFriend-Info.plist";
				PRODUCT_NAME = GuessThatFriend;
			};
			name = Debug;
		};
		1D6058950D05DD3E006BFB54 /* Release */ = {
			isa = XCBuildConfiguration;
			buildSettings = {
				ALWAYS_SEARCH_USER_PATHS = NO;
				CLANG_ENABLE_OBJC_ARC = YES;
				COPY_PHASE_STRIP = YES;
				GCC_PRECOMPILE_PREFIX_HEADER = YES;
				GCC_PREFIX_HEADER = GuessThatFriend_Prefix.pch;
				GCC_SYMBOLS_PRIVATE_EXTERN = NO;
				GCC_VERSION = com.apple.compilers.llvm.clang.1_0;
				INFOPLIST_FILE = "GuessThatFriend-Info.plist";
				PRODUCT_NAME = GuessThatFriend;
				VALIDATE_PRODUCT = YES;
			};
			name = Release;
		};
		93E21C0B150DBDD000A475DC /* Debug */ = {
			isa = XCBuildConfiguration;
			buildSettings = {
				ALWAYS_SEARCH_USER_PATHS = NO;
				BUNDLE_LOADER = "$(BUILT_PRODUCTS_DIR)/GuessThatFriend.app/GuessThatFriend";
				CLANG_ENABLE_OBJC_ARC = YES;
				COPY_PHASE_STRIP = NO;
				FRAMEWORK_SEARCH_PATHS = (
					"$(SDKROOT)/Developer/Library/Frameworks",
					"$(DEVELOPER_LIBRARY_DIR)/Frameworks",
				);
				GCC_C_LANGUAGE_STANDARD = gnu99;
				GCC_DYNAMIC_NO_PIC = NO;
				GCC_OPTIMIZATION_LEVEL = 0;
				GCC_PRECOMPILE_PREFIX_HEADER = YES;
				GCC_PREFIX_HEADER = "UnitTesting/UnitTesting-Prefix.pch";
				GCC_PREPROCESSOR_DEFINITIONS = (
					"DEBUG=1",
					"$(inherited)",
				);
				GCC_SYMBOLS_PRIVATE_EXTERN = NO;
				GCC_VERSION = com.apple.compilers.llvm.clang.1_0;
				GCC_WARN_UNINITIALIZED_AUTOS = YES;
				INFOPLIST_FILE = "UnitTesting/UnitTesting-Info.plist";
				IPHONEOS_DEPLOYMENT_TARGET = 5.0;
				PRODUCT_NAME = "$(TARGET_NAME)";
				TEST_HOST = "$(BUNDLE_LOADER)";
				WRAPPER_EXTENSION = octest;
			};
			name = Debug;
		};
		93E21C0C150DBDD000A475DC /* Release */ = {
			isa = XCBuildConfiguration;
			buildSettings = {
				ALWAYS_SEARCH_USER_PATHS = NO;
				CLANG_ENABLE_OBJC_ARC = YES;
				COPY_PHASE_STRIP = YES;
				FRAMEWORK_SEARCH_PATHS = (
					"$(SDKROOT)/Developer/Library/Frameworks",
					"$(DEVELOPER_LIBRARY_DIR)/Frameworks",
				);
				GCC_C_LANGUAGE_STANDARD = gnu99;
				GCC_PRECOMPILE_PREFIX_HEADER = YES;
				GCC_PREFIX_HEADER = "UnitTesting/UnitTesting-Prefix.pch";
				GCC_VERSION = com.apple.compilers.llvm.clang.1_0;
				GCC_WARN_UNINITIALIZED_AUTOS = YES;
				INFOPLIST_FILE = "UnitTesting/UnitTesting-Info.plist";
				IPHONEOS_DEPLOYMENT_TARGET = 5.0;
				PRODUCT_NAME = "$(TARGET_NAME)";
				TEST_HOST = "$(BUNDLE_LOADER)";
				VALIDATE_PRODUCT = YES;
				WRAPPER_EXTENSION = octest;
			};
			name = Release;
		};
		C01FCF4F08A954540054247B /* Debug */ = {
			isa = XCBuildConfiguration;
			buildSettings = {
				ARCHS = "$(ARCHS_STANDARD_32_BIT)";
				"CODE_SIGN_IDENTITY[sdk=iphoneos*]" = "iPhone Developer";
				GCC_C_LANGUAGE_STANDARD = c99;
				GCC_WARN_ABOUT_RETURN_TYPE = YES;
				GCC_WARN_UNUSED_VARIABLE = YES;
				SDKROOT = iphoneos;
			};
			name = Debug;
		};
		C01FCF5008A954540054247B /* Release */ = {
			isa = XCBuildConfiguration;
			buildSettings = {
				ARCHS = "$(ARCHS_STANDARD_32_BIT)";
				"CODE_SIGN_IDENTITY[sdk=iphoneos*]" = "iPhone Developer";
				GCC_C_LANGUAGE_STANDARD = c99;
				GCC_WARN_ABOUT_RETURN_TYPE = YES;
				GCC_WARN_UNUSED_VARIABLE = YES;
				OTHER_CFLAGS = "-DNS_BLOCK_ASSERTIONS=1";
				SDKROOT = iphoneos;
			};
			name = Release;
		};
/* End XCBuildConfiguration section */

/* Begin XCConfigurationList section */
		1D6058960D05DD3E006BFB54 /* Build configuration list for PBXNativeTarget "GuessThatFriend" */ = {
			isa = XCConfigurationList;
			buildConfigurations = (
				1D6058940D05DD3E006BFB54 /* Debug */,
				1D6058950D05DD3E006BFB54 /* Release */,
			);
			defaultConfigurationIsVisible = 0;
			defaultConfigurationName = Release;
		};
		93E21C0D150DBDD000A475DC /* Build configuration list for PBXNativeTarget "UnitTesting" */ = {
			isa = XCConfigurationList;
			buildConfigurations = (
				93E21C0B150DBDD000A475DC /* Debug */,
				93E21C0C150DBDD000A475DC /* Release */,
			);
			defaultConfigurationIsVisible = 0;
			defaultConfigurationName = Release;
		};
		C01FCF4E08A954540054247B /* Build configuration list for PBXProject "GuessThatFriend" */ = {
			isa = XCConfigurationList;
			buildConfigurations = (
				C01FCF4F08A954540054247B /* Debug */,
				C01FCF5008A954540054247B /* Release */,
			);
			defaultConfigurationIsVisible = 0;
			defaultConfigurationName = Release;
		};
/* End XCConfigurationList section */
	};
	rootObject = 29B97313FDCFA39411CA2CEA /* Project object */;
}
