// !$*UTF8*$!
{
	archiveVersion = 1;
	classes = {
	};
	objectVersion = 46;
	objects = {

/* Begin PBXBuildFile section */
		1D3623260D0F684500981E51 /* GuessThatFriendAppDelegate.m in Sources */ = {isa = PBXBuildFile; fileRef = 1D3623250D0F684500981E51 /* GuessThatFriendAppDelegate.m */; };
		1D60589B0D05DD56006BFB54 /* main.m in Sources */ = {isa = PBXBuildFile; fileRef = 29B97316FDCFA39411CA2CEA /* main.m */; };
		1D60589F0D05DD5A006BFB54 /* Foundation.framework in Frameworks */ = {isa = PBXBuildFile; fileRef = 1D30AB110D05D00D00671497 /* Foundation.framework */; };
		1DF5F4E00D08C38300B7A737 /* UIKit.framework in Frameworks */ = {isa = PBXBuildFile; fileRef = 1DF5F4DF0D08C38300B7A737 /* UIKit.framework */; };
		288765A50DF7441C002DB57D /* CoreGraphics.framework in Frameworks */ = {isa = PBXBuildFile; fileRef = 288765A40DF7441C002DB57D /* CoreGraphics.framework */; };
		4D3F818014F98E9500245D4F /* categories.pbxbtree in Resources */ = {isa = PBXBuildFile; fileRef = 4D3F815214F98E9500245D4F /* categories.pbxbtree */; };
		4D3F818114F98E9500245D4F /* cdecls.pbxbtree in Resources */ = {isa = PBXBuildFile; fileRef = 4D3F815314F98E9500245D4F /* cdecls.pbxbtree */; };
		4D3F818214F98E9500245D4F /* decls.pbxbtree in Resources */ = {isa = PBXBuildFile; fileRef = 4D3F815414F98E9500245D4F /* decls.pbxbtree */; };
		4D3F818314F98E9500245D4F /* files.pbxbtree in Resources */ = {isa = PBXBuildFile; fileRef = 4D3F815514F98E9500245D4F /* files.pbxbtree */; };
		4D3F818414F98E9500245D4F /* imports.pbxbtree in Resources */ = {isa = PBXBuildFile; fileRef = 4D3F815614F98E9500245D4F /* imports.pbxbtree */; };
		4D3F818514F98E9500245D4F /* pbxindex.header in Resources */ = {isa = PBXBuildFile; fileRef = 4D3F815714F98E9500245D4F /* pbxindex.header */; };
		4D3F818614F98E9500245D4F /* protocols.pbxbtree in Resources */ = {isa = PBXBuildFile; fileRef = 4D3F815814F98E9500245D4F /* protocols.pbxbtree */; };
		4D3F818714F98E9500245D4F /* refs.pbxbtree in Resources */ = {isa = PBXBuildFile; fileRef = 4D3F815914F98E9500245D4F /* refs.pbxbtree */; };
		4D3F818814F98E9500245D4F /* control in Resources */ = {isa = PBXBuildFile; fileRef = 4D3F815B14F98E9500245D4F /* control */; };
		4D3F818914F98E9500245D4F /* strings in Resources */ = {isa = PBXBuildFile; fileRef = 4D3F815C14F98E9500245D4F /* strings */; };
		4D3F818A14F98E9500245D4F /* subclasses.pbxbtree in Resources */ = {isa = PBXBuildFile; fileRef = 4D3F815D14F98E9500245D4F /* subclasses.pbxbtree */; };
		4D3F818B14F98E9500245D4F /* symbols0.pbxsymbols in Resources */ = {isa = PBXBuildFile; fileRef = 4D3F815E14F98E9500245D4F /* symbols0.pbxsymbols */; };
		4D3F818C14F98E9500245D4F /* Facebook.m in Sources */ = {isa = PBXBuildFile; fileRef = 4D3F816314F98E9500245D4F /* Facebook.m */; };
		4D3F818D14F98E9500245D4F /* FBDialog.bundle in Resources */ = {isa = PBXBuildFile; fileRef = 4D3F816614F98E9500245D4F /* FBDialog.bundle */; };
		4D3F818E14F98E9500245D4F /* FBDialog.m in Sources */ = {isa = PBXBuildFile; fileRef = 4D3F816814F98E9500245D4F /* FBDialog.m */; };
		4D3F818F14F98E9500245D4F /* FBFrictionlessRequestSettings.m in Sources */ = {isa = PBXBuildFile; fileRef = 4D3F816A14F98E9500245D4F /* FBFrictionlessRequestSettings.m */; };
		4D3F819014F98E9500245D4F /* FBLoginDialog.m in Sources */ = {isa = PBXBuildFile; fileRef = 4D3F816C14F98E9500245D4F /* FBLoginDialog.m */; };
		4D3F819114F98E9500245D4F /* FBRequest.m in Sources */ = {isa = PBXBuildFile; fileRef = 4D3F816E14F98E9500245D4F /* FBRequest.m */; };
		4D3F819214F98E9500245D4F /* NSObject+SBJSON.m in Sources */ = {isa = PBXBuildFile; fileRef = 4D3F817214F98E9500245D4F /* NSObject+SBJSON.m */; };
		4D3F819314F98E9500245D4F /* NSString+SBJSON.m in Sources */ = {isa = PBXBuildFile; fileRef = 4D3F817414F98E9500245D4F /* NSString+SBJSON.m */; };
		4D3F819414F98E9500245D4F /* SBJSON.m in Sources */ = {isa = PBXBuildFile; fileRef = 4D3F817614F98E9500245D4F /* SBJSON.m */; };
		4D3F819514F98E9500245D4F /* SBJsonBase.m in Sources */ = {isa = PBXBuildFile; fileRef = 4D3F817814F98E9500245D4F /* SBJsonBase.m */; };
		4D3F819614F98E9500245D4F /* SBJsonParser.m in Sources */ = {isa = PBXBuildFile; fileRef = 4D3F817A14F98E9500245D4F /* SBJsonParser.m */; };
		4D3F819714F98E9500245D4F /* SBJsonWriter.m in Sources */ = {isa = PBXBuildFile; fileRef = 4D3F817C14F98E9500245D4F /* SBJsonWriter.m */; };
		4D6479801543774800402CF7 /* GTFIcon.png in Resources */ = {isa = PBXBuildFile; fileRef = 4D64797F1543774800402CF7 /* GTFIcon.png */; };
		4D647982154377C200402CF7 /* Default.png in Resources */ = {isa = PBXBuildFile; fileRef = 4D647981154377C200402CF7 /* Default.png */; };
		4D6479841543780700402CF7 /* Graphic_GameBackground.png in Resources */ = {isa = PBXBuildFile; fileRef = 4D6479831543780700402CF7 /* Graphic_GameBackground.png */; };
		4D64798815437CB800402CF7 /* Button_Next.png in Resources */ = {isa = PBXBuildFile; fileRef = 4D64798615437CB800402CF7 /* Button_Next.png */; };
		4D64798915437CB800402CF7 /* Button_NextPressed.png in Resources */ = {isa = PBXBuildFile; fileRef = 4D64798715437CB800402CF7 /* Button_NextPressed.png */; };
		4D64798D1543842D00402CF7 /* NavBar.png in Resources */ = {isa = PBXBuildFile; fileRef = 4D64798C1543842D00402CF7 /* NavBar.png */; };
		4D8D797A14EB91FA00CAA606 /* whiteButton.png in Resources */ = {isa = PBXBuildFile; fileRef = 4D8D797914EB91FA00CAA606 /* whiteButton.png */; };
		4D8D797C14EB91FE00CAA606 /* blueButton.png in Resources */ = {isa = PBXBuildFile; fileRef = 4D8D797B14EB91FE00CAA606 /* blueButton.png */; };
		4D8D79BA14EB992300CAA606 /* FBFriendCustomCell.m in Sources */ = {isa = PBXBuildFile; fileRef = 4D8D79B914EB992300CAA606 /* FBFriendCustomCell.m */; };
		4D8D79BD14EB994100CAA606 /* Notes in Resources */ = {isa = PBXBuildFile; fileRef = 4D8D79BC14EB994100CAA606 /* Notes */; };
		4D8D79C714EB9B6600CAA606 /* FBFriendCustomCell.xib in Resources */ = {isa = PBXBuildFile; fileRef = 4D8D79C614EB9B6600CAA606 /* FBFriendCustomCell.xib */; };
		4D8D79D614EBA10A00CAA606 /* MultipleChoiceQuizViewController.m in Sources */ = {isa = PBXBuildFile; fileRef = 4D8D79D514EBA10A00CAA606 /* MultipleChoiceQuizViewController.m */; };
		4D8D79E514EBA35300CAA606 /* FillInBlankQuizViewController.m in Sources */ = {isa = PBXBuildFile; fileRef = 4D8D79E414EBA35300CAA606 /* FillInBlankQuizViewController.m */; };
		4D8D79ED14EBA47C00CAA606 /* QuizBaseViewController.m in Sources */ = {isa = PBXBuildFile; fileRef = 4D8D79EC14EBA47C00CAA606 /* QuizBaseViewController.m */; };
		4D8D7A3814EBB1D700CAA606 /* MultipleChoiceQuizViewController.xib in Resources */ = {isa = PBXBuildFile; fileRef = 4D8D7A3714EBB1D700CAA606 /* MultipleChoiceQuizViewController.xib */; };
		4D8D7A3A14EBB1E600CAA606 /* FillInBlankQuizViewController.xib in Resources */ = {isa = PBXBuildFile; fileRef = 4D8D7A3914EBB1E600CAA606 /* FillInBlankQuizViewController.xib */; };
		4D8D7A6114EBB8BC00CAA606 /* Option.m in Sources */ = {isa = PBXBuildFile; fileRef = 4D8D7A6014EBB8BC00CAA606 /* Option.m */; };
		4D8D7AAD14EC5C9300CAA606 /* MCQuestion.m in Sources */ = {isa = PBXBuildFile; fileRef = 4D8D7AAC14EC5C9300CAA606 /* MCQuestion.m */; };
		4D8D7AB214EC5CF400CAA606 /* QuizManager.m in Sources */ = {isa = PBXBuildFile; fileRef = 4D8D7AB114EC5CF400CAA606 /* QuizManager.m */; };
		4D8D7ABE14EC606A00CAA606 /* QuizSettings.m in Sources */ = {isa = PBXBuildFile; fileRef = 4D8D7ABD14EC606A00CAA606 /* QuizSettings.m */; };
		4D922B51154EF1BF0092B5F4 /* StatsCategoryCustomCell.xib in Resources */ = {isa = PBXBuildFile; fileRef = 4D922B50154EF1BF0092B5F4 /* StatsCategoryCustomCell.xib */; };
		4D922B54154EF1D50092B5F4 /* StatsHistoryCustomCell.xib in Resources */ = {isa = PBXBuildFile; fileRef = 4D922B53154EF1D50092B5F4 /* StatsHistoryCustomCell.xib */; };
		4D922B57154EF24E0092B5F4 /* StatsCategoryCustomCell.m in Sources */ = {isa = PBXBuildFile; fileRef = 4D922B56154EF24E0092B5F4 /* StatsCategoryCustomCell.m */; };
		4D922B5A154EF25E0092B5F4 /* StatsHistoryCustomCell.m in Sources */ = {isa = PBXBuildFile; fileRef = 4D922B59154EF25E0092B5F4 /* StatsHistoryCustomCell.m */; };
		4D922B5C154EF7C80092B5F4 /* StatsCategoryViewController.xib in Resources */ = {isa = PBXBuildFile; fileRef = 4D922B5B154EF7C80092B5F4 /* StatsCategoryViewController.xib */; };
		4D922B5E154EFABA0092B5F4 /* StatsHistoryViewController.xib in Resources */ = {isa = PBXBuildFile; fileRef = 4D922B5D154EFABA0092B5F4 /* StatsHistoryViewController.xib */; };
		4DA0E9D715074FEF002AFFBB /* JSONKit.m in Sources */ = {isa = PBXBuildFile; fileRef = 4DA0E9D615074FEF002AFFBB /* JSONKit.m */; };
		4DB36AC214E8E1CB00E2A563 /* SettingsViewController.m in Sources */ = {isa = PBXBuildFile; fileRef = 4DB36AC014E8E1CB00E2A563 /* SettingsViewController.m */; };
		4DB36AC314E8E1CB00E2A563 /* SettingsViewController.xib in Resources */ = {isa = PBXBuildFile; fileRef = 4DB36AC114E8E1CB00E2A563 /* SettingsViewController.xib */; };
		4DB4F5281541C5DB00106D78 /* tab1.png in Resources */ = {isa = PBXBuildFile; fileRef = 4DB4F5261541C5DB00106D78 /* tab1.png */; };
		4DB4F52C1541C5E300106D78 /* tab2.png in Resources */ = {isa = PBXBuildFile; fileRef = 4DB4F52A1541C5E300106D78 /* tab2.png */; };
		4DB4F52D1541C5E300106D78 /* tab3.png in Resources */ = {isa = PBXBuildFile; fileRef = 4DB4F52B1541C5E300106D78 /* tab3.png */; };
		4DB708731541E2D400FD0517 /* MainWindow.xib in Resources */ = {isa = PBXBuildFile; fileRef = 4DB708741541E2D400FD0517 /* MainWindow.xib */; };
		4DF27806154E775E00603D4A /* StatsCategoriesViewController.m in Sources */ = {isa = PBXBuildFile; fileRef = 4DF27805154E775D00603D4A /* StatsCategoriesViewController.m */; };
		4DF27809154E776D00603D4A /* StatsHistoryViewController.m in Sources */ = {isa = PBXBuildFile; fileRef = 4DF27808154E776D00603D4A /* StatsHistoryViewController.m */; };
		4DF2780C154E7AFF00603D4A /* CategoryStatsObject.m in Sources */ = {isa = PBXBuildFile; fileRef = 4DF2780B154E7AFF00603D4A /* CategoryStatsObject.m */; };
		4DF2780F154E7B1100603D4A /* HistoryStatsObject.m in Sources */ = {isa = PBXBuildFile; fileRef = 4DF2780E154E7B1100603D4A /* HistoryStatsObject.m */; };
		4DFC3A9215400CE200648D9A /* StatsBaseViewController.m in Sources */ = {isa = PBXBuildFile; fileRef = 4DFC3A9115400CE200648D9A /* StatsBaseViewController.m */; };
		4DFD9A9A15352ECD00BB8F92 /* FriendStatsObject.m in Sources */ = {isa = PBXBuildFile; fileRef = 4DFD9A9915352ECD00BB8F92 /* FriendStatsObject.m */; };
		938CE1B314F9C03700BE5698 /* FillBlankQuestion.m in Sources */ = {isa = PBXBuildFile; fileRef = 938CE1B214F9C03700BE5698 /* FillBlankQuestion.m */; };
		93BA120914F9B10100248763 /* Category.m in Sources */ = {isa = PBXBuildFile; fileRef = 93BA120814F9B10100248763 /* Category.m */; };
		93BA120C14F9BAF000248763 /* Subject.m in Sources */ = {isa = PBXBuildFile; fileRef = 93BA120B14F9BAF000248763 /* Subject.m */; };
		93E21BFE150DBDD000A475DC /* SenTestingKit.framework in Frameworks */ = {isa = PBXBuildFile; fileRef = 93E21BFD150DBDD000A475DC /* SenTestingKit.framework */; };
		93E21BFF150DBDD000A475DC /* UIKit.framework in Frameworks */ = {isa = PBXBuildFile; fileRef = 1DF5F4DF0D08C38300B7A737 /* UIKit.framework */; };
		93E21C00150DBDD000A475DC /* Foundation.framework in Frameworks */ = {isa = PBXBuildFile; fileRef = 1D30AB110D05D00D00671497 /* Foundation.framework */; };
		93E21C06150DBDD000A475DC /* InfoPlist.strings in Resources */ = {isa = PBXBuildFile; fileRef = 93E21C04150DBDD000A475DC /* InfoPlist.strings */; };
		93E21C09150DBDD000A475DC /* UnitTesting.m in Sources */ = {isa = PBXBuildFile; fileRef = 93E21C08150DBDD000A475DC /* UnitTesting.m */; };
		93FC73C614F9AE15002EB781 /* Question.m in Sources */ = {isa = PBXBuildFile; fileRef = 93FC73C514F9AE15002EB781 /* Question.m */; };
		BA6F95961533DE3600C875F1 /* StatsFriendsViewController.m in Sources */ = {isa = PBXBuildFile; fileRef = BA6F95941533DE3600C875F1 /* StatsFriendsViewController.m */; };
		BA6F95971533DE3600C875F1 /* StatsFriendViewController.xib in Resources */ = {isa = PBXBuildFile; fileRef = BA6F95951533DE3600C875F1 /* StatsFriendViewController.xib */; };
		BA8F71A71535063F000C7458 /* StatsFriendCustomCell.m in Sources */ = {isa = PBXBuildFile; fileRef = BA8F71A61535063F000C7458 /* StatsFriendCustomCell.m */; };
		BA8F71A91535079C000C7458 /* StatsFriendCustomCell.xib in Resources */ = {isa = PBXBuildFile; fileRef = BA8F71A81535079C000C7458 /* StatsFriendCustomCell.xib */; };
		BA983F761548C2EC001D59B0 /* imageCachePlist.plist in Resources */ = {isa = PBXBuildFile; fileRef = BA983F751548C2EC001D59B0 /* imageCachePlist.plist */; };
/* End PBXBuildFile section */

/* Begin PBXContainerItemProxy section */
		93E21C0F150DCBDC00A475DC /* PBXContainerItemProxy */ = {
			isa = PBXContainerItemProxy;
			containerPortal = 29B97313FDCFA39411CA2CEA /* Project object */;
			proxyType = 1;
			remoteGlobalIDString = 1D6058900D05DD3D006BFB54;
			remoteInfo = GuessThatFriend;
		};
/* End PBXContainerItemProxy section */

/* Begin PBXFileReference section */
		1D30AB110D05D00D00671497 /* Foundation.framework */ = {isa = PBXFileReference; lastKnownFileType = wrapper.framework; name = Foundation.framework; path = System/Library/Frameworks/Foundation.framework; sourceTree = SDKROOT; };
		1D3623240D0F684500981E51 /* GuessThatFriendAppDelegate.h */ = {isa = PBXFileReference; fileEncoding = 4; lastKnownFileType = sourcecode.c.h; name = GuessThatFriendAppDelegate.h; path = Classes/GuessThatFriendAppDelegate.h; sourceTree = "<group>"; };
		1D3623250D0F684500981E51 /* GuessThatFriendAppDelegate.m */ = {isa = PBXFileReference; fileEncoding = 4; lastKnownFileType = sourcecode.c.objc; name = GuessThatFriendAppDelegate.m; path = Classes/GuessThatFriendAppDelegate.m; sourceTree = "<group>"; };
		1D6058910D05DD3D006BFB54 /* GuessThatFriend.app */ = {isa = PBXFileReference; explicitFileType = wrapper.application; includeInIndex = 0; path = GuessThatFriend.app; sourceTree = BUILT_PRODUCTS_DIR; };
		1DF5F4DF0D08C38300B7A737 /* UIKit.framework */ = {isa = PBXFileReference; lastKnownFileType = wrapper.framework; name = UIKit.framework; path = System/Library/Frameworks/UIKit.framework; sourceTree = SDKROOT; };
		288765A40DF7441C002DB57D /* CoreGraphics.framework */ = {isa = PBXFileReference; lastKnownFileType = wrapper.framework; name = CoreGraphics.framework; path = System/Library/Frameworks/CoreGraphics.framework; sourceTree = SDKROOT; };
		29B97316FDCFA39411CA2CEA /* main.m */ = {isa = PBXFileReference; fileEncoding = 4; lastKnownFileType = sourcecode.c.objc; path = main.m; sourceTree = "<group>"; };
		32CA4F630368D1EE00C91783 /* GuessThatFriend_Prefix.pch */ = {isa = PBXFileReference; fileEncoding = 4; lastKnownFileType = sourcecode.c.h; path = GuessThatFriend_Prefix.pch; sourceTree = "<group>"; };
		4D3F815214F98E9500245D4F /* categories.pbxbtree */ = {isa = PBXFileReference; lastKnownFileType = file; path = categories.pbxbtree; sourceTree = "<group>"; };
		4D3F815314F98E9500245D4F /* cdecls.pbxbtree */ = {isa = PBXFileReference; lastKnownFileType = file; path = cdecls.pbxbtree; sourceTree = "<group>"; };
		4D3F815414F98E9500245D4F /* decls.pbxbtree */ = {isa = PBXFileReference; lastKnownFileType = file; path = decls.pbxbtree; sourceTree = "<group>"; };
		4D3F815514F98E9500245D4F /* files.pbxbtree */ = {isa = PBXFileReference; lastKnownFileType = file; path = files.pbxbtree; sourceTree = "<group>"; };
		4D3F815614F98E9500245D4F /* imports.pbxbtree */ = {isa = PBXFileReference; lastKnownFileType = file; path = imports.pbxbtree; sourceTree = "<group>"; };
		4D3F815714F98E9500245D4F /* pbxindex.header */ = {isa = PBXFileReference; lastKnownFileType = file; path = pbxindex.header; sourceTree = "<group>"; };
		4D3F815814F98E9500245D4F /* protocols.pbxbtree */ = {isa = PBXFileReference; lastKnownFileType = file; path = protocols.pbxbtree; sourceTree = "<group>"; };
		4D3F815914F98E9500245D4F /* refs.pbxbtree */ = {isa = PBXFileReference; lastKnownFileType = file; path = refs.pbxbtree; sourceTree = "<group>"; };
		4D3F815B14F98E9500245D4F /* control */ = {isa = PBXFileReference; lastKnownFileType = file; path = control; sourceTree = "<group>"; };
		4D3F815C14F98E9500245D4F /* strings */ = {isa = PBXFileReference; lastKnownFileType = file; path = strings; sourceTree = "<group>"; };
		4D3F815D14F98E9500245D4F /* subclasses.pbxbtree */ = {isa = PBXFileReference; lastKnownFileType = file; path = subclasses.pbxbtree; sourceTree = "<group>"; };
		4D3F815E14F98E9500245D4F /* symbols0.pbxsymbols */ = {isa = PBXFileReference; lastKnownFileType = file; path = symbols0.pbxsymbols; sourceTree = "<group>"; };
		4D3F816214F98E9500245D4F /* Facebook.h */ = {isa = PBXFileReference; fileEncoding = 4; lastKnownFileType = sourcecode.c.h; path = Facebook.h; sourceTree = "<group>"; };
		4D3F816314F98E9500245D4F /* Facebook.m */ = {isa = PBXFileReference; fileEncoding = 4; lastKnownFileType = sourcecode.c.objc; path = Facebook.m; sourceTree = "<group>"; };
		4D3F816514F98E9500245D4F /* FBConnect.h */ = {isa = PBXFileReference; fileEncoding = 4; lastKnownFileType = sourcecode.c.h; path = FBConnect.h; sourceTree = "<group>"; };
		4D3F816614F98E9500245D4F /* FBDialog.bundle */ = {isa = PBXFileReference; lastKnownFileType = "wrapper.plug-in"; path = FBDialog.bundle; sourceTree = "<group>"; };
		4D3F816714F98E9500245D4F /* FBDialog.h */ = {isa = PBXFileReference; fileEncoding = 4; lastKnownFileType = sourcecode.c.h; path = FBDialog.h; sourceTree = "<group>"; };
		4D3F816814F98E9500245D4F /* FBDialog.m */ = {isa = PBXFileReference; fileEncoding = 4; lastKnownFileType = sourcecode.c.objc; path = FBDialog.m; sourceTree = "<group>"; };
		4D3F816914F98E9500245D4F /* FBFrictionlessRequestSettings.h */ = {isa = PBXFileReference; fileEncoding = 4; lastKnownFileType = sourcecode.c.h; path = FBFrictionlessRequestSettings.h; sourceTree = "<group>"; };
		4D3F816A14F98E9500245D4F /* FBFrictionlessRequestSettings.m */ = {isa = PBXFileReference; fileEncoding = 4; lastKnownFileType = sourcecode.c.objc; path = FBFrictionlessRequestSettings.m; sourceTree = "<group>"; };
		4D3F816B14F98E9500245D4F /* FBLoginDialog.h */ = {isa = PBXFileReference; fileEncoding = 4; lastKnownFileType = sourcecode.c.h; path = FBLoginDialog.h; sourceTree = "<group>"; };
		4D3F816C14F98E9500245D4F /* FBLoginDialog.m */ = {isa = PBXFileReference; fileEncoding = 4; lastKnownFileType = sourcecode.c.objc; path = FBLoginDialog.m; sourceTree = "<group>"; };
		4D3F816D14F98E9500245D4F /* FBRequest.h */ = {isa = PBXFileReference; fileEncoding = 4; lastKnownFileType = sourcecode.c.h; path = FBRequest.h; sourceTree = "<group>"; };
		4D3F816E14F98E9500245D4F /* FBRequest.m */ = {isa = PBXFileReference; fileEncoding = 4; lastKnownFileType = sourcecode.c.objc; path = FBRequest.m; sourceTree = "<group>"; };
		4D3F817014F98E9500245D4F /* JSON.h */ = {isa = PBXFileReference; fileEncoding = 4; lastKnownFileType = sourcecode.c.h; path = JSON.h; sourceTree = "<group>"; };
		4D3F817114F98E9500245D4F /* NSObject+SBJSON.h */ = {isa = PBXFileReference; fileEncoding = 4; lastKnownFileType = sourcecode.c.h; path = "NSObject+SBJSON.h"; sourceTree = "<group>"; };
		4D3F817214F98E9500245D4F /* NSObject+SBJSON.m */ = {isa = PBXFileReference; fileEncoding = 4; lastKnownFileType = sourcecode.c.objc; path = "NSObject+SBJSON.m"; sourceTree = "<group>"; };
		4D3F817314F98E9500245D4F /* NSString+SBJSON.h */ = {isa = PBXFileReference; fileEncoding = 4; lastKnownFileType = sourcecode.c.h; path = "NSString+SBJSON.h"; sourceTree = "<group>"; };
		4D3F817414F98E9500245D4F /* NSString+SBJSON.m */ = {isa = PBXFileReference; fileEncoding = 4; lastKnownFileType = sourcecode.c.objc; path = "NSString+SBJSON.m"; sourceTree = "<group>"; };
		4D3F817514F98E9500245D4F /* SBJSON.h */ = {isa = PBXFileReference; fileEncoding = 4; lastKnownFileType = sourcecode.c.h; path = SBJSON.h; sourceTree = "<group>"; };
		4D3F817614F98E9500245D4F /* SBJSON.m */ = {isa = PBXFileReference; fileEncoding = 4; lastKnownFileType = sourcecode.c.objc; path = SBJSON.m; sourceTree = "<group>"; };
		4D3F817714F98E9500245D4F /* SBJsonBase.h */ = {isa = PBXFileReference; fileEncoding = 4; lastKnownFileType = sourcecode.c.h; path = SBJsonBase.h; sourceTree = "<group>"; };
		4D3F817814F98E9500245D4F /* SBJsonBase.m */ = {isa = PBXFileReference; fileEncoding = 4; lastKnownFileType = sourcecode.c.objc; path = SBJsonBase.m; sourceTree = "<group>"; };
		4D3F817914F98E9500245D4F /* SBJsonParser.h */ = {isa = PBXFileReference; fileEncoding = 4; lastKnownFileType = sourcecode.c.h; path = SBJsonParser.h; sourceTree = "<group>"; };
		4D3F817A14F98E9500245D4F /* SBJsonParser.m */ = {isa = PBXFileReference; fileEncoding = 4; lastKnownFileType = sourcecode.c.objc; path = SBJsonParser.m; sourceTree = "<group>"; };
		4D3F817B14F98E9500245D4F /* SBJsonWriter.h */ = {isa = PBXFileReference; fileEncoding = 4; lastKnownFileType = sourcecode.c.h; path = SBJsonWriter.h; sourceTree = "<group>"; };
		4D3F817C14F98E9500245D4F /* SBJsonWriter.m */ = {isa = PBXFileReference; fileEncoding = 4; lastKnownFileType = sourcecode.c.objc; path = SBJsonWriter.m; sourceTree = "<group>"; };
		4D64797F1543774800402CF7 /* GTFIcon.png */ = {isa = PBXFileReference; lastKnownFileType = image.png; path = GTFIcon.png; sourceTree = "<group>"; };
		4D647981154377C200402CF7 /* Default.png */ = {isa = PBXFileReference; lastKnownFileType = image.png; path = Default.png; sourceTree = "<group>"; };
		4D6479831543780700402CF7 /* Graphic_GameBackground.png */ = {isa = PBXFileReference; lastKnownFileType = image.png; path = Graphic_GameBackground.png; sourceTree = "<group>"; };
		4D64798615437CB800402CF7 /* Button_Next.png */ = {isa = PBXFileReference; lastKnownFileType = image.png; path = Button_Next.png; sourceTree = "<group>"; };
		4D64798715437CB800402CF7 /* Button_NextPressed.png */ = {isa = PBXFileReference; lastKnownFileType = image.png; path = Button_NextPressed.png; sourceTree = "<group>"; };
		4D64798C1543842D00402CF7 /* NavBar.png */ = {isa = PBXFileReference; lastKnownFileType = image.png; path = NavBar.png; sourceTree = "<group>"; };
		4D8D797914EB91FA00CAA606 /* whiteButton.png */ = {isa = PBXFileReference; lastKnownFileType = image.png; path = whiteButton.png; sourceTree = "<group>"; };
		4D8D797B14EB91FE00CAA606 /* blueButton.png */ = {isa = PBXFileReference; lastKnownFileType = image.png; path = blueButton.png; sourceTree = "<group>"; };
		4D8D79B814EB992300CAA606 /* FBFriendCustomCell.h */ = {isa = PBXFileReference; fileEncoding = 4; lastKnownFileType = sourcecode.c.h; path = FBFriendCustomCell.h; sourceTree = "<group>"; };
		4D8D79B914EB992300CAA606 /* FBFriendCustomCell.m */ = {isa = PBXFileReference; fileEncoding = 4; lastKnownFileType = sourcecode.c.objc; path = FBFriendCustomCell.m; sourceTree = "<group>"; };
		4D8D79BC14EB994100CAA606 /* Notes */ = {isa = PBXFileReference; fileEncoding = 4; lastKnownFileType = text; path = Notes; sourceTree = "<group>"; };
		4D8D79C614EB9B6600CAA606 /* FBFriendCustomCell.xib */ = {isa = PBXFileReference; lastKnownFileType = file.xib; path = FBFriendCustomCell.xib; sourceTree = "<group>"; };
		4D8D79D414EBA10A00CAA606 /* MultipleChoiceQuizViewController.h */ = {isa = PBXFileReference; fileEncoding = 4; lastKnownFileType = sourcecode.c.h; path = MultipleChoiceQuizViewController.h; sourceTree = "<group>"; };
		4D8D79D514EBA10A00CAA606 /* MultipleChoiceQuizViewController.m */ = {isa = PBXFileReference; fileEncoding = 4; lastKnownFileType = sourcecode.c.objc; path = MultipleChoiceQuizViewController.m; sourceTree = "<group>"; };
		4D8D79E314EBA35300CAA606 /* FillInBlankQuizViewController.h */ = {isa = PBXFileReference; fileEncoding = 4; lastKnownFileType = sourcecode.c.h; path = FillInBlankQuizViewController.h; sourceTree = "<group>"; };
		4D8D79E414EBA35300CAA606 /* FillInBlankQuizViewController.m */ = {isa = PBXFileReference; fileEncoding = 4; lastKnownFileType = sourcecode.c.objc; path = FillInBlankQuizViewController.m; sourceTree = "<group>"; };
		4D8D79EB14EBA47C00CAA606 /* QuizBaseViewController.h */ = {isa = PBXFileReference; fileEncoding = 4; lastKnownFileType = sourcecode.c.h; path = QuizBaseViewController.h; sourceTree = "<group>"; };
		4D8D79EC14EBA47C00CAA606 /* QuizBaseViewController.m */ = {isa = PBXFileReference; fileEncoding = 4; lastKnownFileType = sourcecode.c.objc; path = QuizBaseViewController.m; sourceTree = "<group>"; };
		4D8D7A3714EBB1D700CAA606 /* MultipleChoiceQuizViewController.xib */ = {isa = PBXFileReference; lastKnownFileType = file.xib; path = MultipleChoiceQuizViewController.xib; sourceTree = "<group>"; };
		4D8D7A3914EBB1E600CAA606 /* FillInBlankQuizViewController.xib */ = {isa = PBXFileReference; lastKnownFileType = file.xib; path = FillInBlankQuizViewController.xib; sourceTree = "<group>"; };
		4D8D7A5F14EBB8BC00CAA606 /* Option.h */ = {isa = PBXFileReference; fileEncoding = 4; lastKnownFileType = sourcecode.c.h; path = Option.h; sourceTree = "<group>"; };
		4D8D7A6014EBB8BC00CAA606 /* Option.m */ = {isa = PBXFileReference; fileEncoding = 4; lastKnownFileType = sourcecode.c.objc; path = Option.m; sourceTree = "<group>"; };
		4D8D7AAB14EC5C9300CAA606 /* MCQuestion.h */ = {isa = PBXFileReference; fileEncoding = 4; lastKnownFileType = sourcecode.c.h; path = MCQuestion.h; sourceTree = "<group>"; };
		4D8D7AAC14EC5C9300CAA606 /* MCQuestion.m */ = {isa = PBXFileReference; fileEncoding = 4; lastKnownFileType = sourcecode.c.objc; path = MCQuestion.m; sourceTree = "<group>"; };
		4D8D7AB014EC5CF400CAA606 /* QuizManager.h */ = {isa = PBXFileReference; fileEncoding = 4; lastKnownFileType = sourcecode.c.h; path = QuizManager.h; sourceTree = "<group>"; };
		4D8D7AB114EC5CF400CAA606 /* QuizManager.m */ = {isa = PBXFileReference; fileEncoding = 4; lastKnownFileType = sourcecode.c.objc; path = QuizManager.m; sourceTree = "<group>"; };
		4D8D7ABC14EC606A00CAA606 /* QuizSettings.h */ = {isa = PBXFileReference; fileEncoding = 4; lastKnownFileType = sourcecode.c.h; path = QuizSettings.h; sourceTree = "<group>"; };
		4D8D7ABD14EC606A00CAA606 /* QuizSettings.m */ = {isa = PBXFileReference; fileEncoding = 4; lastKnownFileType = sourcecode.c.objc; path = QuizSettings.m; sourceTree = "<group>"; };
		4D922B50154EF1BF0092B5F4 /* StatsCategoryCustomCell.xib */ = {isa = PBXFileReference; fileEncoding = 4; lastKnownFileType = file.xib; path = StatsCategoryCustomCell.xib; sourceTree = "<group>"; };
		4D922B53154EF1D50092B5F4 /* StatsHistoryCustomCell.xib */ = {isa = PBXFileReference; fileEncoding = 4; lastKnownFileType = file.xib; path = StatsHistoryCustomCell.xib; sourceTree = "<group>"; };
		4D922B55154EF24E0092B5F4 /* StatsCategoryCustomCell.h */ = {isa = PBXFileReference; fileEncoding = 4; lastKnownFileType = sourcecode.c.h; path = StatsCategoryCustomCell.h; sourceTree = "<group>"; };
		4D922B56154EF24E0092B5F4 /* StatsCategoryCustomCell.m */ = {isa = PBXFileReference; fileEncoding = 4; lastKnownFileType = sourcecode.c.objc; path = StatsCategoryCustomCell.m; sourceTree = "<group>"; };
		4D922B58154EF25E0092B5F4 /* StatsHistoryCustomCell.h */ = {isa = PBXFileReference; fileEncoding = 4; lastKnownFileType = sourcecode.c.h; path = StatsHistoryCustomCell.h; sourceTree = "<group>"; };
		4D922B59154EF25E0092B5F4 /* StatsHistoryCustomCell.m */ = {isa = PBXFileReference; fileEncoding = 4; lastKnownFileType = sourcecode.c.objc; path = StatsHistoryCustomCell.m; sourceTree = "<group>"; };
		4D922B5B154EF7C80092B5F4 /* StatsCategoryViewController.xib */ = {isa = PBXFileReference; fileEncoding = 4; lastKnownFileType = file.xib; path = StatsCategoryViewController.xib; sourceTree = "<group>"; };
		4D922B5D154EFABA0092B5F4 /* StatsHistoryViewController.xib */ = {isa = PBXFileReference; fileEncoding = 4; lastKnownFileType = file.xib; path = StatsHistoryViewController.xib; sourceTree = "<group>"; };
		4DA0E9D515074FEF002AFFBB /* JSONKit.h */ = {isa = PBXFileReference; fileEncoding = 4; lastKnownFileType = sourcecode.c.h; path = JSONKit.h; sourceTree = "<group>"; };
		4DA0E9D615074FEF002AFFBB /* JSONKit.m */ = {isa = PBXFileReference; fileEncoding = 4; lastKnownFileType = sourcecode.c.objc; path = JSONKit.m; sourceTree = "<group>"; };
		4DB36ABF14E8E1CB00E2A563 /* SettingsViewController.h */ = {isa = PBXFileReference; fileEncoding = 4; lastKnownFileType = sourcecode.c.h; path = SettingsViewController.h; sourceTree = "<group>"; };
		4DB36AC014E8E1CB00E2A563 /* SettingsViewController.m */ = {isa = PBXFileReference; fileEncoding = 4; lastKnownFileType = sourcecode.c.objc; path = SettingsViewController.m; sourceTree = "<group>"; };
		4DB36AC114E8E1CB00E2A563 /* SettingsViewController.xib */ = {isa = PBXFileReference; lastKnownFileType = file.xib; name = SettingsViewController.xib; path = Classes/SettingsViewController.xib; sourceTree = "<group>"; };
		4DB4F5261541C5DB00106D78 /* tab1.png */ = {isa = PBXFileReference; lastKnownFileType = image.png; path = tab1.png; sourceTree = "<group>"; };
		4DB4F52A1541C5E300106D78 /* tab2.png */ = {isa = PBXFileReference; lastKnownFileType = image.png; path = tab2.png; sourceTree = "<group>"; };
		4DB4F52B1541C5E300106D78 /* tab3.png */ = {isa = PBXFileReference; lastKnownFileType = image.png; path = tab3.png; sourceTree = "<group>"; };
		4DB708741541E2D400FD0517 /* MainWindow.xib */ = {isa = PBXFileReference; lastKnownFileType = file.xib; path = MainWindow.xib; sourceTree = "<group>"; };
		4DF27804154E775D00603D4A /* StatsCategoriesViewController.h */ = {isa = PBXFileReference; fileEncoding = 4; lastKnownFileType = sourcecode.c.h; path = StatsCategoriesViewController.h; sourceTree = "<group>"; };
		4DF27805154E775D00603D4A /* StatsCategoriesViewController.m */ = {isa = PBXFileReference; fileEncoding = 4; lastKnownFileType = sourcecode.c.objc; path = StatsCategoriesViewController.m; sourceTree = "<group>"; };
		4DF27807154E776D00603D4A /* StatsHistoryViewController.h */ = {isa = PBXFileReference; fileEncoding = 4; lastKnownFileType = sourcecode.c.h; path = StatsHistoryViewController.h; sourceTree = "<group>"; };
		4DF27808154E776D00603D4A /* StatsHistoryViewController.m */ = {isa = PBXFileReference; fileEncoding = 4; lastKnownFileType = sourcecode.c.objc; path = StatsHistoryViewController.m; sourceTree = "<group>"; };
		4DF2780A154E7AFF00603D4A /* CategoryStatsObject.h */ = {isa = PBXFileReference; fileEncoding = 4; lastKnownFileType = sourcecode.c.h; path = CategoryStatsObject.h; sourceTree = "<group>"; };
		4DF2780B154E7AFF00603D4A /* CategoryStatsObject.m */ = {isa = PBXFileReference; fileEncoding = 4; lastKnownFileType = sourcecode.c.objc; path = CategoryStatsObject.m; sourceTree = "<group>"; };
		4DF2780D154E7B1100603D4A /* HistoryStatsObject.h */ = {isa = PBXFileReference; fileEncoding = 4; lastKnownFileType = sourcecode.c.h; path = HistoryStatsObject.h; sourceTree = "<group>"; };
		4DF2780E154E7B1100603D4A /* HistoryStatsObject.m */ = {isa = PBXFileReference; fileEncoding = 4; lastKnownFileType = sourcecode.c.objc; path = HistoryStatsObject.m; sourceTree = "<group>"; };
		4DFC3A9015400CE200648D9A /* StatsBaseViewController.h */ = {isa = PBXFileReference; fileEncoding = 4; lastKnownFileType = sourcecode.c.h; path = StatsBaseViewController.h; sourceTree = "<group>"; };
		4DFC3A9115400CE200648D9A /* StatsBaseViewController.m */ = {isa = PBXFileReference; fileEncoding = 4; lastKnownFileType = sourcecode.c.objc; path = StatsBaseViewController.m; sourceTree = "<group>"; };
		4DFD9A9815352ECD00BB8F92 /* FriendStatsObject.h */ = {isa = PBXFileReference; fileEncoding = 4; lastKnownFileType = sourcecode.c.h; path = FriendStatsObject.h; sourceTree = "<group>"; };
		4DFD9A9915352ECD00BB8F92 /* FriendStatsObject.m */ = {isa = PBXFileReference; fileEncoding = 4; lastKnownFileType = sourcecode.c.objc; path = FriendStatsObject.m; sourceTree = "<group>"; };
		8D1107310486CEB800E47090 /* GuessThatFriend-Info.plist */ = {isa = PBXFileReference; fileEncoding = 4; lastKnownFileType = text.plist.xml; path = "GuessThatFriend-Info.plist"; plistStructureDefinitionIdentifier = "com.apple.xcode.plist.structure-definition.iphone.info-plist"; sourceTree = "<group>"; };
		938CE1B114F9C03700BE5698 /* FillBlankQuestion.h */ = {isa = PBXFileReference; fileEncoding = 4; lastKnownFileType = sourcecode.c.h; path = FillBlankQuestion.h; sourceTree = "<group>"; };
		938CE1B214F9C03700BE5698 /* FillBlankQuestion.m */ = {isa = PBXFileReference; fileEncoding = 4; lastKnownFileType = sourcecode.c.objc; path = FillBlankQuestion.m; sourceTree = "<group>"; };
		93BA120714F9B10100248763 /* Category.h */ = {isa = PBXFileReference; fileEncoding = 4; lastKnownFileType = sourcecode.c.h; path = Category.h; sourceTree = "<group>"; };
		93BA120814F9B10100248763 /* Category.m */ = {isa = PBXFileReference; fileEncoding = 4; lastKnownFileType = sourcecode.c.objc; path = Category.m; sourceTree = "<group>"; };
		93BA120A14F9BAF000248763 /* Subject.h */ = {isa = PBXFileReference; fileEncoding = 4; lastKnownFileType = sourcecode.c.h; path = Subject.h; sourceTree = "<group>"; };
		93BA120B14F9BAF000248763 /* Subject.m */ = {isa = PBXFileReference; fileEncoding = 4; lastKnownFileType = sourcecode.c.objc; path = Subject.m; sourceTree = "<group>"; };
		93E21BFC150DBDD000A475DC /* UnitTesting.octest */ = {isa = PBXFileReference; explicitFileType = wrapper.cfbundle; includeInIndex = 0; path = UnitTesting.octest; sourceTree = BUILT_PRODUCTS_DIR; };
		93E21BFD150DBDD000A475DC /* SenTestingKit.framework */ = {isa = PBXFileReference; lastKnownFileType = wrapper.framework; name = SenTestingKit.framework; path = Library/Frameworks/SenTestingKit.framework; sourceTree = DEVELOPER_DIR; };
		93E21C03150DBDD000A475DC /* UnitTesting-Info.plist */ = {isa = PBXFileReference; lastKnownFileType = text.plist.xml; path = "UnitTesting-Info.plist"; sourceTree = "<group>"; };
		93E21C05150DBDD000A475DC /* en */ = {isa = PBXFileReference; lastKnownFileType = text.plist.strings; name = en; path = en.lproj/InfoPlist.strings; sourceTree = "<group>"; };
		93E21C07150DBDD000A475DC /* UnitTesting.h */ = {isa = PBXFileReference; lastKnownFileType = sourcecode.c.h; path = UnitTesting.h; sourceTree = "<group>"; };
		93E21C08150DBDD000A475DC /* UnitTesting.m */ = {isa = PBXFileReference; lastKnownFileType = sourcecode.c.objc; path = UnitTesting.m; sourceTree = "<group>"; };
		93E21C0A150DBDD000A475DC /* UnitTesting-Prefix.pch */ = {isa = PBXFileReference; lastKnownFileType = sourcecode.c.h; path = "UnitTesting-Prefix.pch"; sourceTree = "<group>"; };
		93FC73C414F9AE15002EB781 /* Question.h */ = {isa = PBXFileReference; fileEncoding = 4; indentWidth = 4; lastKnownFileType = sourcecode.c.h; path = Question.h; sourceTree = "<group>"; tabWidth = 4; usesTabs = 0; wrapsLines = 1; };
		93FC73C514F9AE15002EB781 /* Question.m */ = {isa = PBXFileReference; fileEncoding = 4; indentWidth = 4; lastKnownFileType = sourcecode.c.objc; path = Question.m; sourceTree = "<group>"; tabWidth = 4; usesTabs = 0; wrapsLines = 1; };
		BA6F95931533DE3600C875F1 /* StatsFriendsViewController.h */ = {isa = PBXFileReference; fileEncoding = 4; lastKnownFileType = sourcecode.c.h; path = StatsFriendsViewController.h; sourceTree = "<group>"; };
		BA6F95941533DE3600C875F1 /* StatsFriendsViewController.m */ = {isa = PBXFileReference; fileEncoding = 4; lastKnownFileType = sourcecode.c.objc; path = StatsFriendsViewController.m; sourceTree = "<group>"; };
		BA6F95951533DE3600C875F1 /* StatsFriendViewController.xib */ = {isa = PBXFileReference; fileEncoding = 4; lastKnownFileType = file.xib; name = StatsFriendViewController.xib; path = Classes/StatsFriendViewController.xib; sourceTree = "<group>"; };
		BA8F71A51535063F000C7458 /* StatsFriendCustomCell.h */ = {isa = PBXFileReference; fileEncoding = 4; lastKnownFileType = sourcecode.c.h; path = StatsFriendCustomCell.h; sourceTree = "<group>"; };
		BA8F71A61535063F000C7458 /* StatsFriendCustomCell.m */ = {isa = PBXFileReference; fileEncoding = 4; lastKnownFileType = sourcecode.c.objc; path = StatsFriendCustomCell.m; sourceTree = "<group>"; };
		BA8F71A81535079C000C7458 /* StatsFriendCustomCell.xib */ = {isa = PBXFileReference; fileEncoding = 4; lastKnownFileType = file.xib; path = StatsFriendCustomCell.xib; sourceTree = "<group>"; };
		BA983F751548C2EC001D59B0 /* imageCachePlist.plist */ = {isa = PBXFileReference; fileEncoding = 4; lastKnownFileType = text.plist.xml; path = imageCachePlist.plist; sourceTree = "<group>"; };
/* End PBXFileReference section */

/* Begin PBXFrameworksBuildPhase section */
		1D60588F0D05DD3D006BFB54 /* Frameworks */ = {
			isa = PBXFrameworksBuildPhase;
			buildActionMask = 2147483647;
			files = (
				1D60589F0D05DD5A006BFB54 /* Foundation.framework in Frameworks */,
				1DF5F4E00D08C38300B7A737 /* UIKit.framework in Frameworks */,
				288765A50DF7441C002DB57D /* CoreGraphics.framework in Frameworks */,
			);
			runOnlyForDeploymentPostprocessing = 0;
		};
		93E21BF8150DBDD000A475DC /* Frameworks */ = {
			isa = PBXFrameworksBuildPhase;
			buildActionMask = 2147483647;
			files = (
				93E21BFE150DBDD000A475DC /* SenTestingKit.framework in Frameworks */,
				93E21BFF150DBDD000A475DC /* UIKit.framework in Frameworks */,
				93E21C00150DBDD000A475DC /* Foundation.framework in Frameworks */,
			);
			runOnlyForDeploymentPostprocessing = 0;
		};
/* End PBXFrameworksBuildPhase section */

/* Begin PBXGroup section */
		080E96DDFE201D6D7F000001 /* Classes */ = {
			isa = PBXGroup;
			children = (
				4D12199814F5BB740051646B /* Models */,
				4D1A375414DB2A7900BEB8B8 /* ViewControllers */,
			);
			path = Classes;
			sourceTree = "<group>";
		};
		19C28FACFE9D520D11CA2CBB /* Products */ = {
			isa = PBXGroup;
			children = (
				1D6058910D05DD3D006BFB54 /* GuessThatFriend.app */,
				93E21BFC150DBDD000A475DC /* UnitTesting.octest */,
			);
			name = Products;
			sourceTree = "<group>";
		};
		29B97314FDCFA39411CA2CEA /* CustomTemplate */ = {
			isa = PBXGroup;
			children = (
				4DD9367C15074AF900E338A2 /* JSONKit */,
				4D3F814E14F98E9500245D4F /* FBApi */,
				4D8D79BB14EB993300CAA606 /* Documentation */,
				080E96DDFE201D6D7F000001 /* Classes */,
				1D3623240D0F684500981E51 /* GuessThatFriendAppDelegate.h */,
				1D3623250D0F684500981E51 /* GuessThatFriendAppDelegate.m */,
				29B97315FDCFA39411CA2CEA /* Other Sources */,
				29B97317FDCFA39411CA2CEA /* Resources */,
				93E21C01150DBDD000A475DC /* UnitTesting */,
				29B97323FDCFA39411CA2CEA /* Frameworks */,
				19C28FACFE9D520D11CA2CBB /* Products */,
			);
			name = CustomTemplate;
			sourceTree = "<group>";
		};
		29B97315FDCFA39411CA2CEA /* Other Sources */ = {
			isa = PBXGroup;
			children = (
				32CA4F630368D1EE00C91783 /* GuessThatFriend_Prefix.pch */,
				29B97316FDCFA39411CA2CEA /* main.m */,
			);
			name = "Other Sources";
			sourceTree = "<group>";
		};
		29B97317FDCFA39411CA2CEA /* Resources */ = {
			isa = PBXGroup;
			children = (
				BA983F741548C2C3001D59B0 /* plist */,
				4D8D797314EB91C900CAA606 /* Images */,
				4D8D797214EB91B500CAA606 /* Nibs */,
				4D1A373114DB289F00BEB8B8 /* Icon */,
				8D1107310486CEB800E47090 /* GuessThatFriend-Info.plist */,
			);
			name = Resources;
			sourceTree = "<group>";
		};
		29B97323FDCFA39411CA2CEA /* Frameworks */ = {
			isa = PBXGroup;
			children = (
				1DF5F4DF0D08C38300B7A737 /* UIKit.framework */,
				1D30AB110D05D00D00671497 /* Foundation.framework */,
				288765A40DF7441C002DB57D /* CoreGraphics.framework */,
				93E21BFD150DBDD000A475DC /* SenTestingKit.framework */,
			);
			name = Frameworks;
			sourceTree = "<group>";
		};
		4D007C5C1551DE2A008F2384 /* CustomCells */ = {
			isa = PBXGroup;
			children = (
				BA8F71A51535063F000C7458 /* StatsFriendCustomCell.h */,
				BA8F71A61535063F000C7458 /* StatsFriendCustomCell.m */,
				4D922B55154EF24E0092B5F4 /* StatsCategoryCustomCell.h */,
				4D922B56154EF24E0092B5F4 /* StatsCategoryCustomCell.m */,
				4D922B58154EF25E0092B5F4 /* StatsHistoryCustomCell.h */,
				4D922B59154EF25E0092B5F4 /* StatsHistoryCustomCell.m */,
			);
			name = CustomCells;
			sourceTree = "<group>";
		};
		4D12199814F5BB740051646B /* Models */ = {
			isa = PBXGroup;
			children = (
				93BA120714F9B10100248763 /* Category.h */,
				93BA120814F9B10100248763 /* Category.m */,
				938CE1B114F9C03700BE5698 /* FillBlankQuestion.h */,
				938CE1B214F9C03700BE5698 /* FillBlankQuestion.m */,
				4D8D7AAB14EC5C9300CAA606 /* MCQuestion.h */,
				4D8D7AAC14EC5C9300CAA606 /* MCQuestion.m */,
				4D8D7A5F14EBB8BC00CAA606 /* Option.h */,
				4D8D7A6014EBB8BC00CAA606 /* Option.m */,
				93FC73C414F9AE15002EB781 /* Question.h */,
				93FC73C514F9AE15002EB781 /* Question.m */,
				4D8D7AB014EC5CF400CAA606 /* QuizManager.h */,
				4D8D7AB114EC5CF400CAA606 /* QuizManager.m */,
				4D8D7ABC14EC606A00CAA606 /* QuizSettings.h */,
				4D8D7ABD14EC606A00CAA606 /* QuizSettings.m */,
				93BA120A14F9BAF000248763 /* Subject.h */,
				93BA120B14F9BAF000248763 /* Subject.m */,
				4DFD9A9815352ECD00BB8F92 /* FriendStatsObject.h */,
				4DFD9A9915352ECD00BB8F92 /* FriendStatsObject.m */,
				4DF2780A154E7AFF00603D4A /* CategoryStatsObject.h */,
				4DF2780B154E7AFF00603D4A /* CategoryStatsObject.m */,
				4DF2780D154E7B1100603D4A /* HistoryStatsObject.h */,
				4DF2780E154E7B1100603D4A /* HistoryStatsObject.m */,
			);
			name = Models;
			sourceTree = "<group>";
		};
		4D1A373114DB289F00BEB8B8 /* Icon */ = {
			isa = PBXGroup;
			children = (
				4D64797F1543774800402CF7 /* GTFIcon.png */,
			);
			name = Icon;
			sourceTree = "<group>";
		};
		4D1A375414DB2A7900BEB8B8 /* ViewControllers */ = {
			isa = PBXGroup;
			children = (
				4D8D7A0214EBA5EB00CAA606 /* QuizViewControllers */,
				4D8D7A0A14EBA63300CAA606 /* CommonViewControllers */,
			);
			name = ViewControllers;
			sourceTree = "<group>";
		};
		4D3F814E14F98E9500245D4F /* FBApi */ = {
			isa = PBXGroup;
			children = (
				4D3F814F14F98E9500245D4F /* build */,
				4D3F816214F98E9500245D4F /* Facebook.h */,
				4D3F816314F98E9500245D4F /* Facebook.m */,
				4D3F816514F98E9500245D4F /* FBConnect.h */,
				4D3F816614F98E9500245D4F /* FBDialog.bundle */,
				4D3F816714F98E9500245D4F /* FBDialog.h */,
				4D3F816814F98E9500245D4F /* FBDialog.m */,
				4D3F816914F98E9500245D4F /* FBFrictionlessRequestSettings.h */,
				4D3F816A14F98E9500245D4F /* FBFrictionlessRequestSettings.m */,
				4D3F816B14F98E9500245D4F /* FBLoginDialog.h */,
				4D3F816C14F98E9500245D4F /* FBLoginDialog.m */,
				4D3F816D14F98E9500245D4F /* FBRequest.h */,
				4D3F816E14F98E9500245D4F /* FBRequest.m */,
				4D3F816F14F98E9500245D4F /* JSON */,
			);
			name = FBApi;
			path = src;
			sourceTree = "<group>";
		};
		4D3F814F14F98E9500245D4F /* build */ = {
			isa = PBXGroup;
			children = (
				4D3F815014F98E9500245D4F /* facebook-ios-sdk.build */,
			);
			path = build;
			sourceTree = "<group>";
		};
		4D3F815014F98E9500245D4F /* facebook-ios-sdk.build */ = {
			isa = PBXGroup;
			children = (
				4D3F815114F98E9500245D4F /* facebook-ios-sdk.pbxindex */,
			);
			path = "facebook-ios-sdk.build";
			sourceTree = "<group>";
		};
		4D3F815114F98E9500245D4F /* facebook-ios-sdk.pbxindex */ = {
			isa = PBXGroup;
			children = (
				4D3F815214F98E9500245D4F /* categories.pbxbtree */,
				4D3F815314F98E9500245D4F /* cdecls.pbxbtree */,
				4D3F815414F98E9500245D4F /* decls.pbxbtree */,
				4D3F815514F98E9500245D4F /* files.pbxbtree */,
				4D3F815614F98E9500245D4F /* imports.pbxbtree */,
				4D3F815714F98E9500245D4F /* pbxindex.header */,
				4D3F815814F98E9500245D4F /* protocols.pbxbtree */,
				4D3F815914F98E9500245D4F /* refs.pbxbtree */,
				4D3F815A14F98E9500245D4F /* strings.pbxstrings */,
				4D3F815D14F98E9500245D4F /* subclasses.pbxbtree */,
				4D3F815E14F98E9500245D4F /* symbols0.pbxsymbols */,
			);
			path = "facebook-ios-sdk.pbxindex";
			sourceTree = "<group>";
		};
		4D3F815A14F98E9500245D4F /* strings.pbxstrings */ = {
			isa = PBXGroup;
			children = (
				4D3F815B14F98E9500245D4F /* control */,
				4D3F815C14F98E9500245D4F /* strings */,
			);
			path = strings.pbxstrings;
			sourceTree = "<group>";
		};
		4D3F816F14F98E9500245D4F /* JSON */ = {
			isa = PBXGroup;
			children = (
				4D3F817014F98E9500245D4F /* JSON.h */,
				4D3F817114F98E9500245D4F /* NSObject+SBJSON.h */,
				4D3F817214F98E9500245D4F /* NSObject+SBJSON.m */,
				4D3F817314F98E9500245D4F /* NSString+SBJSON.h */,
				4D3F817414F98E9500245D4F /* NSString+SBJSON.m */,
				4D3F817514F98E9500245D4F /* SBJSON.h */,
				4D3F817614F98E9500245D4F /* SBJSON.m */,
				4D3F817714F98E9500245D4F /* SBJsonBase.h */,
				4D3F817814F98E9500245D4F /* SBJsonBase.m */,
				4D3F817914F98E9500245D4F /* SBJsonParser.h */,
				4D3F817A14F98E9500245D4F /* SBJsonParser.m */,
				4D3F817B14F98E9500245D4F /* SBJsonWriter.h */,
				4D3F817C14F98E9500245D4F /* SBJsonWriter.m */,
			);
			path = JSON;
			sourceTree = "<group>";
		};
		4D64798515437CAA00402CF7 /* GUI */ = {
			isa = PBXGroup;
			children = (
				4D64798C1543842D00402CF7 /* NavBar.png */,
				4D6479831543780700402CF7 /* Graphic_GameBackground.png */,
				4D64798615437CB800402CF7 /* Button_Next.png */,
				4D64798715437CB800402CF7 /* Button_NextPressed.png */,
			);
			name = GUI;
			sourceTree = "<group>";
		};
		4D8D797214EB91B500CAA606 /* Nibs */ = {
			isa = PBXGroup;
			children = (
				4D8D7A1014EBA67700CAA606 /* Common Nibs */,
				4D8D7A1114EBA68800CAA606 /* Quiz Nibs */,
			);
			name = Nibs;
			sourceTree = "<group>";
		};
		4D8D797314EB91C900CAA606 /* Images */ = {
			isa = PBXGroup;
			children = (
				4D64798515437CAA00402CF7 /* GUI */,
				4DB4F5241541C5CD00106D78 /* TabImages */,
				4D8D797914EB91FA00CAA606 /* whiteButton.png */,
				4D8D797B14EB91FE00CAA606 /* blueButton.png */,
				4D647981154377C200402CF7 /* Default.png */,
			);
			name = Images;
			sourceTree = "<group>";
		};
		4D8D79BB14EB993300CAA606 /* Documentation */ = {
			isa = PBXGroup;
			children = (
				4D8D79BC14EB994100CAA606 /* Notes */,
			);
			name = Documentation;
			sourceTree = "<group>";
		};
		4D8D7A0214EBA5EB00CAA606 /* QuizViewControllers */ = {
			isa = PBXGroup;
			children = (
				4D8D79EB14EBA47C00CAA606 /* QuizBaseViewController.h */,
				4D8D79EC14EBA47C00CAA606 /* QuizBaseViewController.m */,
				4D8D79D414EBA10A00CAA606 /* MultipleChoiceQuizViewController.h */,
				4D8D79D514EBA10A00CAA606 /* MultipleChoiceQuizViewController.m */,
				4D8D79E314EBA35300CAA606 /* FillInBlankQuizViewController.h */,
				4D8D79E414EBA35300CAA606 /* FillInBlankQuizViewController.m */,
				4D8D79B814EB992300CAA606 /* FBFriendCustomCell.h */,
				4D8D79B914EB992300CAA606 /* FBFriendCustomCell.m */,
			);
			name = QuizViewControllers;
			sourceTree = "<group>";
		};
		4D8D7A0A14EBA63300CAA606 /* CommonViewControllers */ = {
			isa = PBXGroup;
			children = (
				4DFC3A9415400CEF00648D9A /* StatsViewControllers */,
				4DB36ABF14E8E1CB00E2A563 /* SettingsViewController.h */,
				4DB36AC014E8E1CB00E2A563 /* SettingsViewController.m */,
			);
			name = CommonViewControllers;
			sourceTree = "<group>";
		};
		4D8D7A1014EBA67700CAA606 /* Common Nibs */ = {
			isa = PBXGroup;
			children = (
				4DB708741541E2D400FD0517 /* MainWindow.xib */,
				4DB36AC114E8E1CB00E2A563 /* SettingsViewController.xib */,
				BA6F95951533DE3600C875F1 /* StatsFriendViewController.xib */,
				4D922B5B154EF7C80092B5F4 /* StatsCategoryViewController.xib */,
				4D922B5D154EFABA0092B5F4 /* StatsHistoryViewController.xib */,
				BA8F71A81535079C000C7458 /* StatsFriendCustomCell.xib */,
				4D922B50154EF1BF0092B5F4 /* StatsCategoryCustomCell.xib */,
				4D922B53154EF1D50092B5F4 /* StatsHistoryCustomCell.xib */,
			);
			name = "Common Nibs";
			sourceTree = "<group>";
		};
		4D8D7A1114EBA68800CAA606 /* Quiz Nibs */ = {
			isa = PBXGroup;
			children = (
				4D8D7A3714EBB1D700CAA606 /* MultipleChoiceQuizViewController.xib */,
				4D8D7A3914EBB1E600CAA606 /* FillInBlankQuizViewController.xib */,
				4D8D79C614EB9B6600CAA606 /* FBFriendCustomCell.xib */,
			);
			name = "Quiz Nibs";
			sourceTree = "<group>";
		};
		4DB4F5241541C5CD00106D78 /* TabImages */ = {
			isa = PBXGroup;
			children = (
				4DB4F5261541C5DB00106D78 /* tab1.png */,
				4DB4F52A1541C5E300106D78 /* tab2.png */,
				4DB4F52B1541C5E300106D78 /* tab3.png */,
			);
			name = TabImages;
			sourceTree = "<group>";
		};
		4DD9367C15074AF900E338A2 /* JSONKit */ = {
			isa = PBXGroup;
			children = (
				4DA0E9D515074FEF002AFFBB /* JSONKit.h */,
				4DA0E9D615074FEF002AFFBB /* JSONKit.m */,
			);
			name = JSONKit;
			sourceTree = "<group>";
		};
		4DFC3A9415400CEF00648D9A /* StatsViewControllers */ = {
			isa = PBXGroup;
			children = (
				4D007C5C1551DE2A008F2384 /* CustomCells */,
				4DFC3A9015400CE200648D9A /* StatsBaseViewController.h */,
				4DFC3A9115400CE200648D9A /* StatsBaseViewController.m */,
				BA6F95931533DE3600C875F1 /* StatsFriendsViewController.h */,
				BA6F95941533DE3600C875F1 /* StatsFriendsViewController.m */,
				4DF27804154E775D00603D4A /* StatsCategoriesViewController.h */,
				4DF27805154E775D00603D4A /* StatsCategoriesViewController.m */,
				4DF27807154E776D00603D4A /* StatsHistoryViewController.h */,
				4DF27808154E776D00603D4A /* StatsHistoryViewController.m */,
			);
			name = StatsViewControllers;
			sourceTree = "<group>";
		};
		93E21C01150DBDD000A475DC /* UnitTesting */ = {
			isa = PBXGroup;
			children = (
				93E21C07150DBDD000A475DC /* UnitTesting.h */,
				93E21C08150DBDD000A475DC /* UnitTesting.m */,
				93E21C02150DBDD000A475DC /* Supporting Files */,
			);
			path = UnitTesting;
			sourceTree = "<group>";
		};
		93E21C02150DBDD000A475DC /* Supporting Files */ = {
			isa = PBXGroup;
			children = (
				93E21C03150DBDD000A475DC /* UnitTesting-Info.plist */,
				93E21C04150DBDD000A475DC /* InfoPlist.strings */,
				93E21C0A150DBDD000A475DC /* UnitTesting-Prefix.pch */,
			);
			name = "Supporting Files";
			sourceTree = "<group>";
		};
		BA983F741548C2C3001D59B0 /* plist */ = {
			isa = PBXGroup;
			children = (
				BA983F751548C2EC001D59B0 /* imageCachePlist.plist */,
			);
			name = plist;
			sourceTree = "<group>";
		};
/* End PBXGroup section */

/* Begin PBXNativeTarget section */
		1D6058900D05DD3D006BFB54 /* GuessThatFriend */ = {
			isa = PBXNativeTarget;
			buildConfigurationList = 1D6058960D05DD3E006BFB54 /* Build configuration list for PBXNativeTarget "GuessThatFriend" */;
			buildPhases = (
				1D60588D0D05DD3D006BFB54 /* Resources */,
				1D60588E0D05DD3D006BFB54 /* Sources */,
				1D60588F0D05DD3D006BFB54 /* Frameworks */,
			);
			buildRules = (
			);
			dependencies = (
			);
			name = GuessThatFriend;
			productName = GuessThatFriend;
			productReference = 1D6058910D05DD3D006BFB54 /* GuessThatFriend.app */;
			productType = "com.apple.product-type.application";
		};
		93E21BFB150DBDD000A475DC /* UnitTesting */ = {
			isa = PBXNativeTarget;
			buildConfigurationList = 93E21C0D150DBDD000A475DC /* Build configuration list for PBXNativeTarget "UnitTesting" */;
			buildPhases = (
				93E21BF7150DBDD000A475DC /* Sources */,
				93E21BF8150DBDD000A475DC /* Frameworks */,
				93E21BF9150DBDD000A475DC /* Resources */,
				93E21BFA150DBDD000A475DC /* ShellScript */,
			);
			buildRules = (
			);
			dependencies = (
				93E21C10150DCBDC00A475DC /* PBXTargetDependency */,
			);
			name = UnitTesting;
			productName = UnitTesting;
			productReference = 93E21BFC150DBDD000A475DC /* UnitTesting.octest */;
			productType = "com.apple.product-type.bundle";
		};
/* End PBXNativeTarget section */

/* Begin PBXProject section */
		29B97313FDCFA39411CA2CEA /* Project object */ = {
			isa = PBXProject;
			attributes = {
				LastUpgradeCheck = 0430;
			};
			buildConfigurationList = C01FCF4E08A954540054247B /* Build configuration list for PBXProject "GuessThatFriend" */;
			compatibilityVersion = "Xcode 3.2";
			developmentRegion = English;
			hasScannedForEncodings = 1;
			knownRegions = (
				English,
				Japanese,
				French,
				German,
				en,
			);
			mainGroup = 29B97314FDCFA39411CA2CEA /* CustomTemplate */;
			projectDirPath = "";
			projectRoot = "";
			targets = (
				1D6058900D05DD3D006BFB54 /* GuessThatFriend */,
				93E21BFB150DBDD000A475DC /* UnitTesting */,
			);
		};
/* End PBXProject section */

/* Begin PBXResourcesBuildPhase section */
		1D60588D0D05DD3D006BFB54 /* Resources */ = {
			isa = PBXResourcesBuildPhase;
			buildActionMask = 2147483647;
			files = (
				4DB708731541E2D400FD0517 /* MainWindow.xib in Resources */,
				4DB36AC314E8E1CB00E2A563 /* SettingsViewController.xib in Resources */,
				4D8D797A14EB91FA00CAA606 /* whiteButton.png in Resources */,
				4D8D797C14EB91FE00CAA606 /* blueButton.png in Resources */,
				4D8D79BD14EB994100CAA606 /* Notes in Resources */,
				4D8D79C714EB9B6600CAA606 /* FBFriendCustomCell.xib in Resources */,
				4D8D7A3814EBB1D700CAA606 /* MultipleChoiceQuizViewController.xib in Resources */,
				4D8D7A3A14EBB1E600CAA606 /* FillInBlankQuizViewController.xib in Resources */,
				4D3F818014F98E9500245D4F /* categories.pbxbtree in Resources */,
				4D3F818114F98E9500245D4F /* cdecls.pbxbtree in Resources */,
				4D3F818214F98E9500245D4F /* decls.pbxbtree in Resources */,
				4D3F818314F98E9500245D4F /* files.pbxbtree in Resources */,
				4D3F818414F98E9500245D4F /* imports.pbxbtree in Resources */,
				4D3F818514F98E9500245D4F /* pbxindex.header in Resources */,
				4D3F818614F98E9500245D4F /* protocols.pbxbtree in Resources */,
				4D3F818714F98E9500245D4F /* refs.pbxbtree in Resources */,
				4D3F818814F98E9500245D4F /* control in Resources */,
				4D3F818914F98E9500245D4F /* strings in Resources */,
				4D3F818A14F98E9500245D4F /* subclasses.pbxbtree in Resources */,
				4D3F818B14F98E9500245D4F /* symbols0.pbxsymbols in Resources */,
				4D3F818D14F98E9500245D4F /* FBDialog.bundle in Resources */,
				BA6F95971533DE3600C875F1 /* StatsFriendViewController.xib in Resources */,
				BA8F71A91535079C000C7458 /* StatsFriendCustomCell.xib in Resources */,
				4DB4F5281541C5DB00106D78 /* tab1.png in Resources */,
				4DB4F52C1541C5E300106D78 /* tab2.png in Resources */,
				4DB4F52D1541C5E300106D78 /* tab3.png in Resources */,
				4D6479801543774800402CF7 /* GTFIcon.png in Resources */,
				4D647982154377C200402CF7 /* Default.png in Resources */,
				4D6479841543780700402CF7 /* Graphic_GameBackground.png in Resources */,
				4D64798815437CB800402CF7 /* Button_Next.png in Resources */,
				4D64798915437CB800402CF7 /* Button_NextPressed.png in Resources */,
				4D64798D1543842D00402CF7 /* NavBar.png in Resources */,
				BA983F761548C2EC001D59B0 /* imageCachePlist.plist in Resources */,
				4D922B51154EF1BF0092B5F4 /* StatsCategoryCustomCell.xib in Resources */,
				4D922B54154EF1D50092B5F4 /* StatsHistoryCustomCell.xib in Resources */,
				4D922B5C154EF7C80092B5F4 /* StatsCategoryViewController.xib in Resources */,
				4D922B5E154EFABA0092B5F4 /* StatsHistoryViewController.xib in Resources */,
			);
			runOnlyForDeploymentPostprocessing = 0;
		};
		93E21BF9150DBDD000A475DC /* Resources */ = {
			isa = PBXResourcesBuildPhase;
			buildActionMask = 2147483647;
			files = (
				93E21C06150DBDD000A475DC /* InfoPlist.strings in Resources */,
			);
			runOnlyForDeploymentPostprocessing = 0;
		};
/* End PBXResourcesBuildPhase section */

/* Begin PBXShellScriptBuildPhase section */
		93E21BFA150DBDD000A475DC /* ShellScript */ = {
			isa = PBXShellScriptBuildPhase;
			buildActionMask = 2147483647;
			files = (
			);
			inputPaths = (
			);
			outputPaths = (
			);
			runOnlyForDeploymentPostprocessing = 0;
			shellPath = /bin/sh;
			shellScript = "# Run the unit tests in this test bundle.\n\"${SYSTEM_DEVELOPER_DIR}/Tools/RunUnitTests\"\n";
		};
/* End PBXShellScriptBuildPhase section */

/* Begin PBXSourcesBuildPhase section */
		1D60588E0D05DD3D006BFB54 /* Sources */ = {
			isa = PBXSourcesBuildPhase;
			buildActionMask = 2147483647;
			files = (
				1D60589B0D05DD56006BFB54 /* main.m in Sources */,
				1D3623260D0F684500981E51 /* GuessThatFriendAppDelegate.m in Sources */,
				4DB36AC214E8E1CB00E2A563 /* SettingsViewController.m in Sources */,
				4D8D79BA14EB992300CAA606 /* FBFriendCustomCell.m in Sources */,
				4D8D79D614EBA10A00CAA606 /* MultipleChoiceQuizViewController.m in Sources */,
				4D8D79E514EBA35300CAA606 /* FillInBlankQuizViewController.m in Sources */,
				4D8D79ED14EBA47C00CAA606 /* QuizBaseViewController.m in Sources */,
				4D8D7A6114EBB8BC00CAA606 /* Option.m in Sources */,
				4D8D7AAD14EC5C9300CAA606 /* MCQuestion.m in Sources */,
				4D8D7AB214EC5CF400CAA606 /* QuizManager.m in Sources */,
				4D8D7ABE14EC606A00CAA606 /* QuizSettings.m in Sources */,
				4D3F818C14F98E9500245D4F /* Facebook.m in Sources */,
				4D3F818E14F98E9500245D4F /* FBDialog.m in Sources */,
				4D3F818F14F98E9500245D4F /* FBFrictionlessRequestSettings.m in Sources */,
				4D3F819014F98E9500245D4F /* FBLoginDialog.m in Sources */,
				4D3F819114F98E9500245D4F /* FBRequest.m in Sources */,
				4D3F819214F98E9500245D4F /* NSObject+SBJSON.m in Sources */,
				4D3F819314F98E9500245D4F /* NSString+SBJSON.m in Sources */,
				4D3F819414F98E9500245D4F /* SBJSON.m in Sources */,
				4D3F819514F98E9500245D4F /* SBJsonBase.m in Sources */,
				4D3F819614F98E9500245D4F /* SBJsonParser.m in Sources */,
				4D3F819714F98E9500245D4F /* SBJsonWriter.m in Sources */,
				93FC73C614F9AE15002EB781 /* Question.m in Sources */,
				93BA120914F9B10100248763 /* Category.m in Sources */,
				93BA120C14F9BAF000248763 /* Subject.m in Sources */,
				938CE1B314F9C03700BE5698 /* FillBlankQuestion.m in Sources */,
				4DA0E9D715074FEF002AFFBB /* JSONKit.m in Sources */,
				BA6F95961533DE3600C875F1 /* StatsFriendsViewController.m in Sources */,
				BA8F71A71535063F000C7458 /* StatsFriendCustomCell.m in Sources */,
				4DFD9A9A15352ECD00BB8F92 /* FriendStatsObject.m in Sources */,
				4DFC3A9215400CE200648D9A /* StatsBaseViewController.m in Sources */,
				4DF27806154E775E00603D4A /* StatsCategoriesViewController.m in Sources */,
				4DF27809154E776D00603D4A /* StatsHistoryViewController.m in Sources */,
				4DF2780C154E7AFF00603D4A /* CategoryStatsObject.m in Sources */,
				4DF2780F154E7B1100603D4A /* HistoryStatsObject.m in Sources */,
				4D922B57154EF24E0092B5F4 /* StatsCategoryCustomCell.m in Sources */,
				4D922B5A154EF25E0092B5F4 /* StatsHistoryCustomCell.m in Sources */,
			);
			runOnlyForDeploymentPostprocessing = 0;
		};
		93E21BF7150DBDD000A475DC /* Sources */ = {
			isa = PBXSourcesBuildPhase;
			buildActionMask = 2147483647;
			files = (
				93E21C09150DBDD000A475DC /* UnitTesting.m in Sources */,
			);
			runOnlyForDeploymentPostprocessing = 0;
		};
/* End PBXSourcesBuildPhase section */

/* Begin PBXTargetDependency section */
		93E21C10150DCBDC00A475DC /* PBXTargetDependency */ = {
			isa = PBXTargetDependency;
			target = 1D6058900D05DD3D006BFB54 /* GuessThatFriend */;
			targetProxy = 93E21C0F150DCBDC00A475DC /* PBXContainerItemProxy */;
		};
/* End PBXTargetDependency section */

/* Begin PBXVariantGroup section */
		93E21C04150DBDD000A475DC /* InfoPlist.strings */ = {
			isa = PBXVariantGroup;
			children = (
				93E21C05150DBDD000A475DC /* en */,
			);
			name = InfoPlist.strings;
			sourceTree = "<group>";
		};
/* End PBXVariantGroup section */

/* Begin XCBuildConfiguration section */
		1D6058940D05DD3E006BFB54 /* Debug */ = {
			isa = XCBuildConfiguration;
			buildSettings = {
				ALWAYS_SEARCH_USER_PATHS = NO;
				COPY_PHASE_STRIP = NO;
				GCC_DYNAMIC_NO_PIC = NO;
				GCC_OPTIMIZATION_LEVEL = 0;
				GCC_PRECOMPILE_PREFIX_HEADER = YES;
				GCC_PREFIX_HEADER = GuessThatFriend_Prefix.pch;
				GCC_SYMBOLS_PRIVATE_EXTERN = NO;
				INFOPLIST_FILE = "GuessThatFriend-Info.plist";
				PRODUCT_NAME = GuessThatFriend;
			};
			name = Debug;
		};
		1D6058950D05DD3E006BFB54 /* Release */ = {
			isa = XCBuildConfiguration;
			buildSettings = {
				ALWAYS_SEARCH_USER_PATHS = NO;
				COPY_PHASE_STRIP = YES;
				GCC_PRECOMPILE_PREFIX_HEADER = YES;
				GCC_PREFIX_HEADER = GuessThatFriend_Prefix.pch;
				GCC_SYMBOLS_PRIVATE_EXTERN = NO;
				INFOPLIST_FILE = "GuessThatFriend-Info.plist";
				PRODUCT_NAME = GuessThatFriend;
				VALIDATE_PRODUCT = YES;
			};
			name = Release;
		};
		93E21C0B150DBDD000A475DC /* Debug */ = {
			isa = XCBuildConfiguration;
			buildSettings = {
				ALWAYS_SEARCH_USER_PATHS = NO;
				BUNDLE_LOADER = "$(BUILT_PRODUCTS_DIR)/GuessThatFriend.app/GuessThatFriend";
				CLANG_ENABLE_OBJC_ARC = YES;
				COPY_PHASE_STRIP = NO;
				FRAMEWORK_SEARCH_PATHS = (
					"$(SDKROOT)/Developer/Library/Frameworks",
					"$(DEVELOPER_LIBRARY_DIR)/Frameworks",
				);
				GCC_C_LANGUAGE_STANDARD = gnu99;
				GCC_DYNAMIC_NO_PIC = NO;
				GCC_OPTIMIZATION_LEVEL = 0;
				GCC_PRECOMPILE_PREFIX_HEADER = YES;
				GCC_PREFIX_HEADER = "UnitTesting/UnitTesting-Prefix.pch";
				GCC_PREPROCESSOR_DEFINITIONS = (
					"DEBUG=1",
					"$(inherited)",
				);
				GCC_SYMBOLS_PRIVATE_EXTERN = NO;
				GCC_VERSION = com.apple.compilers.llvm.clang.1_0;
				GCC_WARN_UNINITIALIZED_AUTOS = YES;
				INFOPLIST_FILE = "UnitTesting/UnitTesting-Info.plist";
				IPHONEOS_DEPLOYMENT_TARGET = 5.0;
				PRODUCT_NAME = "$(TARGET_NAME)";
				TEST_HOST = "$(BUNDLE_LOADER)";
				WRAPPER_EXTENSION = octest;
			};
			name = Debug;
		};
		93E21C0C150DBDD000A475DC /* Release */ = {
			isa = XCBuildConfiguration;
			buildSettings = {
				ALWAYS_SEARCH_USER_PATHS = NO;
				CLANG_ENABLE_OBJC_ARC = YES;
				COPY_PHASE_STRIP = YES;
				FRAMEWORK_SEARCH_PATHS = (
					"$(SDKROOT)/Developer/Library/Frameworks",
					"$(DEVELOPER_LIBRARY_DIR)/Frameworks",
				);
				GCC_C_LANGUAGE_STANDARD = gnu99;
				GCC_PRECOMPILE_PREFIX_HEADER = YES;
				GCC_PREFIX_HEADER = "UnitTesting/UnitTesting-Prefix.pch";
				GCC_VERSION = com.apple.compilers.llvm.clang.1_0;
				GCC_WARN_UNINITIALIZED_AUTOS = YES;
				INFOPLIST_FILE = "UnitTesting/UnitTesting-Info.plist";
				IPHONEOS_DEPLOYMENT_TARGET = 5.0;
				PRODUCT_NAME = "$(TARGET_NAME)";
				TEST_HOST = "$(BUNDLE_LOADER)";
				VALIDATE_PRODUCT = YES;
				WRAPPER_EXTENSION = octest;
			};
			name = Release;
		};
		C01FCF4F08A954540054247B /* Debug */ = {
			isa = XCBuildConfiguration;
			buildSettings = {
				ARCHS = "$(ARCHS_STANDARD_32_BIT)";
				"CODE_SIGN_IDENTITY[sdk=iphoneos*]" = "iPhone Developer";
				GCC_C_LANGUAGE_STANDARD = c99;
				GCC_WARN_ABOUT_RETURN_TYPE = YES;
				GCC_WARN_UNUSED_VARIABLE = YES;
				SDKROOT = iphoneos;
			};
			name = Debug;
		};
		C01FCF5008A954540054247B /* Release */ = {
			isa = XCBuildConfiguration;
			buildSettings = {
				ARCHS = "$(ARCHS_STANDARD_32_BIT)";
				"CODE_SIGN_IDENTITY[sdk=iphoneos*]" = "iPhone Developer";
				GCC_C_LANGUAGE_STANDARD = c99;
				GCC_WARN_ABOUT_RETURN_TYPE = YES;
				GCC_WARN_UNUSED_VARIABLE = YES;
				OTHER_CFLAGS = "-DNS_BLOCK_ASSERTIONS=1";
				SDKROOT = iphoneos;
			};
			name = Release;
		};
/* End XCBuildConfiguration section */

/* Begin XCConfigurationList section */
		1D6058960D05DD3E006BFB54 /* Build configuration list for PBXNativeTarget "GuessThatFriend" */ = {
			isa = XCConfigurationList;
			buildConfigurations = (
				1D6058940D05DD3E006BFB54 /* Debug */,
				1D6058950D05DD3E006BFB54 /* Release */,
			);
			defaultConfigurationIsVisible = 0;
			defaultConfigurationName = Release;
		};
		93E21C0D150DBDD000A475DC /* Build configuration list for PBXNativeTarget "UnitTesting" */ = {
			isa = XCConfigurationList;
			buildConfigurations = (
				93E21C0B150DBDD000A475DC /* Debug */,
				93E21C0C150DBDD000A475DC /* Release */,
			);
			defaultConfigurationIsVisible = 0;
			defaultConfigurationName = Release;
		};
		C01FCF4E08A954540054247B /* Build configuration list for PBXProject "GuessThatFriend" */ = {
			isa = XCConfigurationList;
			buildConfigurations = (
				C01FCF4F08A954540054247B /* Debug */,
				C01FCF5008A954540054247B /* Release */,
			);
			defaultConfigurationIsVisible = 0;
			defaultConfigurationName = Release;
		};
/* End XCConfigurationList section */
	};
	rootObject = 29B97313FDCFA39411CA2CEA /* Project object */;
}
